// !$*UTF8*$!
{
	archiveVersion = 1;
	classes = {
	};
	objectVersion = 46;
	objects = {

/* Begin PBXBuildFile section */
		A0342EF41E1C034D0005E74C /* URMeInfoTableViewCell.m in Sources */ = {isa = PBXBuildFile; fileRef = A0342EF31E1C034D0005E74C /* URMeInfoTableViewCell.m */; };
		A04D7F8C1E6863BA0003E7D4 /* URNotification.m in Sources */ = {isa = PBXBuildFile; fileRef = A04D7F8B1E6863BA0003E7D4 /* URNotification.m */; };
		A04D7F8F1E6868640003E7D4 /* URLoginCore.m in Sources */ = {isa = PBXBuildFile; fileRef = A04D7F8E1E6868640003E7D4 /* URLoginCore.m */; };
		A04D7F921E6869C40003E7D4 /* URBlock.m in Sources */ = {isa = PBXBuildFile; fileRef = A04D7F911E6869C40003E7D4 /* URBlock.m */; };
		A05090821E3D908B002ABDCD /* Urprotocol.pbobjc.m in Sources */ = {isa = PBXBuildFile; fileRef = A050907E1E3D908B002ABDCD /* Urprotocol.pbobjc.m */; settings = {COMPILER_FLAGS = "-fno-objc-arc"; }; };
		A05090831E3D908B002ABDCD /* UrpacketType.pbobjc.m in Sources */ = {isa = PBXBuildFile; fileRef = A05090801E3D908B002ABDCD /* UrpacketType.pbobjc.m */; settings = {COMPILER_FLAGS = "-fno-objc-arc"; }; };
		A05090871E3D90DA002ABDCD /* URProtocolWrapper.m in Sources */ = {isa = PBXBuildFile; fileRef = A05090861E3D90DA002ABDCD /* URProtocolWrapper.m */; };
		A05090C91E3DA3B5002ABDCD /* Any.pbobjc.m in Sources */ = {isa = PBXBuildFile; fileRef = A050908C1E3DA3B5002ABDCD /* Any.pbobjc.m */; settings = {COMPILER_FLAGS = "-fno-objc-arc"; }; };
		A05090CA1E3DA3B5002ABDCD /* Api.pbobjc.m in Sources */ = {isa = PBXBuildFile; fileRef = A050908E1E3DA3B5002ABDCD /* Api.pbobjc.m */; settings = {COMPILER_FLAGS = "-fno-objc-arc"; }; };
		A05090CB1E3DA3B5002ABDCD /* Duration.pbobjc.m in Sources */ = {isa = PBXBuildFile; fileRef = A05090901E3DA3B5002ABDCD /* Duration.pbobjc.m */; };
		A05090CC1E3DA3B5002ABDCD /* Empty.pbobjc.m in Sources */ = {isa = PBXBuildFile; fileRef = A05090921E3DA3B5002ABDCD /* Empty.pbobjc.m */; settings = {COMPILER_FLAGS = "-fno-objc-arc"; }; };
		A05090CD1E3DA3B5002ABDCD /* FieldMask.pbobjc.m in Sources */ = {isa = PBXBuildFile; fileRef = A05090941E3DA3B5002ABDCD /* FieldMask.pbobjc.m */; settings = {COMPILER_FLAGS = "-fno-objc-arc"; }; };
		A05090CE1E3DA3B5002ABDCD /* SourceContext.pbobjc.m in Sources */ = {isa = PBXBuildFile; fileRef = A05090961E3DA3B5002ABDCD /* SourceContext.pbobjc.m */; settings = {COMPILER_FLAGS = "-fno-objc-arc"; }; };
		A05090CF1E3DA3B5002ABDCD /* Struct.pbobjc.m in Sources */ = {isa = PBXBuildFile; fileRef = A05090981E3DA3B5002ABDCD /* Struct.pbobjc.m */; settings = {COMPILER_FLAGS = "-fno-objc-arc"; }; };
		A05090D01E3DA3B5002ABDCD /* Timestamp.pbobjc.m in Sources */ = {isa = PBXBuildFile; fileRef = A050909A1E3DA3B5002ABDCD /* Timestamp.pbobjc.m */; };
		A05090D11E3DA3B5002ABDCD /* Type.pbobjc.m in Sources */ = {isa = PBXBuildFile; fileRef = A050909C1E3DA3B5002ABDCD /* Type.pbobjc.m */; settings = {COMPILER_FLAGS = "-fno-objc-arc"; }; };
		A05090D21E3DA3B5002ABDCD /* Wrappers.pbobjc.m in Sources */ = {isa = PBXBuildFile; fileRef = A050909E1E3DA3B5002ABDCD /* Wrappers.pbobjc.m */; settings = {COMPILER_FLAGS = "-fno-objc-arc"; }; };
		A05090D31E3DA3B5002ABDCD /* GPBArray.m in Sources */ = {isa = PBXBuildFile; fileRef = A05090A01E3DA3B5002ABDCD /* GPBArray.m */; settings = {COMPILER_FLAGS = "-fno-objc-arc"; }; };
		A05090D41E3DA3B5002ABDCD /* GPBCodedInputStream.m in Sources */ = {isa = PBXBuildFile; fileRef = A05090A41E3DA3B5002ABDCD /* GPBCodedInputStream.m */; settings = {COMPILER_FLAGS = "-fno-objc-arc"; }; };
		A05090D51E3DA3B5002ABDCD /* GPBCodedOutputStream.m in Sources */ = {isa = PBXBuildFile; fileRef = A05090A71E3DA3B5002ABDCD /* GPBCodedOutputStream.m */; settings = {COMPILER_FLAGS = "-fno-objc-arc"; }; };
		A05090D61E3DA3B5002ABDCD /* GPBDescriptor.m in Sources */ = {isa = PBXBuildFile; fileRef = A05090AA1E3DA3B5002ABDCD /* GPBDescriptor.m */; settings = {COMPILER_FLAGS = "-fno-objc-arc"; }; };
		A05090D71E3DA3B5002ABDCD /* GPBDictionary.m in Sources */ = {isa = PBXBuildFile; fileRef = A05090AD1E3DA3B5002ABDCD /* GPBDictionary.m */; settings = {COMPILER_FLAGS = "-fno-objc-arc"; }; };
		A05090D81E3DA3B5002ABDCD /* GPBExtensionInternals.m in Sources */ = {isa = PBXBuildFile; fileRef = A05090B01E3DA3B5002ABDCD /* GPBExtensionInternals.m */; settings = {COMPILER_FLAGS = "-fno-objc-arc"; }; };
		A05090D91E3DA3B5002ABDCD /* GPBExtensionRegistry.m in Sources */ = {isa = PBXBuildFile; fileRef = A05090B21E3DA3B5002ABDCD /* GPBExtensionRegistry.m */; settings = {COMPILER_FLAGS = "-fno-objc-arc"; }; };
		A05090DA1E3DA3B5002ABDCD /* GPBMessage.m in Sources */ = {isa = PBXBuildFile; fileRef = A05090B41E3DA3B5002ABDCD /* GPBMessage.m */; settings = {COMPILER_FLAGS = "-fno-objc-arc"; }; };
		A05090DB1E3DA3B5002ABDCD /* GPBRootObject.m in Sources */ = {isa = PBXBuildFile; fileRef = A05090B91E3DA3B5002ABDCD /* GPBRootObject.m */; settings = {COMPILER_FLAGS = "-fno-objc-arc"; }; };
		A05090DC1E3DA3B5002ABDCD /* GPBUnknownField.m in Sources */ = {isa = PBXBuildFile; fileRef = A05090BD1E3DA3B5002ABDCD /* GPBUnknownField.m */; settings = {COMPILER_FLAGS = "-fno-objc-arc"; }; };
		A05090DD1E3DA3B5002ABDCD /* GPBUnknownFieldSet.m in Sources */ = {isa = PBXBuildFile; fileRef = A05090C01E3DA3B5002ABDCD /* GPBUnknownFieldSet.m */; settings = {COMPILER_FLAGS = "-fno-objc-arc"; }; };
		A05090DE1E3DA3B5002ABDCD /* GPBUtilities.m in Sources */ = {isa = PBXBuildFile; fileRef = A05090C31E3DA3B5002ABDCD /* GPBUtilities.m */; settings = {COMPILER_FLAGS = "-fno-objc-arc"; }; };
		A05090DF1E3DA3B5002ABDCD /* GPBWellKnownTypes.m in Sources */ = {isa = PBXBuildFile; fileRef = A05090C61E3DA3B5002ABDCD /* GPBWellKnownTypes.m */; settings = {COMPILER_FLAGS = "-fno-objc-arc"; }; };
		A05090E01E3DA3B5002ABDCD /* GPBWireFormat.m in Sources */ = {isa = PBXBuildFile; fileRef = A05090C81E3DA3B5002ABDCD /* GPBWireFormat.m */; settings = {COMPILER_FLAGS = "-fno-objc-arc"; }; };
		A056C7241E019E970091A34D /* URWindWalkTests.m in Sources */ = {isa = PBXBuildFile; fileRef = A0F888011E012AAB0002A41A /* URWindWalkTests.m */; };
		A0647B191E163BC400F5AC6E /* TPWeatherWrapper.m in Sources */ = {isa = PBXBuildFile; fileRef = A0647B181E163BC400F5AC6E /* TPWeatherWrapper.m */; };
		A0647B1F1E16BD9E00F5AC6E /* URWWMainService.m in Sources */ = {isa = PBXBuildFile; fileRef = A0647B1E1E16BD9E00F5AC6E /* URWWMainService.m */; };
		A0647B221E17684000F5AC6E /* URWWRunService.m in Sources */ = {isa = PBXBuildFile; fileRef = A0647B211E17684000F5AC6E /* URWWRunService.m */; };
		A0647B261E1AB14500F5AC6E /* URLogCheckViewController.m in Sources */ = {isa = PBXBuildFile; fileRef = A0647B251E1AB14500F5AC6E /* URLogCheckViewController.m */; };
		A06AFEE21E100B68008D6464 /* URWWCalendarCollectionViewCell.m in Sources */ = {isa = PBXBuildFile; fileRef = A06AFEE11E100B68008D6464 /* URWWCalendarCollectionViewCell.m */; };
		A06AFEE91E11643B008D6464 /* URTestViewController.m in Sources */ = {isa = PBXBuildFile; fileRef = A06AFEE81E11643B008D6464 /* URTestViewController.m */; };
		A086A56F1EC1C3B700A2ACB9 /* URButton.m in Sources */ = {isa = PBXBuildFile; fileRef = A086A56E1EC1C3B700A2ACB9 /* URButton.m */; };
		A086A5721EC1C4A000A2ACB9 /* URTextField.m in Sources */ = {isa = PBXBuildFile; fileRef = A086A5711EC1C4A000A2ACB9 /* URTextField.m */; };
		A086A5851EC5DFF900A2ACB9 /* UIView+URLayoutUtil.m in Sources */ = {isa = PBXBuildFile; fileRef = A086A5841EC5DFF900A2ACB9 /* UIView+URLayoutUtil.m */; };
		A08722F71E0C314400AADFBC /* URWWUserInfoView.m in Sources */ = {isa = PBXBuildFile; fileRef = A08722F61E0C314400AADFBC /* URWWUserInfoView.m */; };
		A08723071E0D132B00AADFBC /* URWWLoginViewController.m in Sources */ = {isa = PBXBuildFile; fileRef = A08722FB1E0D132B00AADFBC /* URWWLoginViewController.m */; };
		A08723081E0D132B00AADFBC /* MeViewController.m in Sources */ = {isa = PBXBuildFile; fileRef = A08722FE1E0D132B00AADFBC /* MeViewController.m */; };
		A08723091E0D132B00AADFBC /* RunViewController.m in Sources */ = {isa = PBXBuildFile; fileRef = A08723011E0D132B00AADFBC /* RunViewController.m */; };
		A087230A1E0D132B00AADFBC /* URSummaryViewController+URLayout.m in Sources */ = {isa = PBXBuildFile; fileRef = A08723041E0D132B00AADFBC /* URSummaryViewController+URLayout.m */; };
		A087230B1E0D132B00AADFBC /* URSummaryViewController.m in Sources */ = {isa = PBXBuildFile; fileRef = A08723061E0D132B00AADFBC /* URSummaryViewController.m */; };
		A08723681E0D15BA00AADFBC /* NSDateUtil.m in Sources */ = {isa = PBXBuildFile; fileRef = A08723671E0D15BA00AADFBC /* NSDateUtil.m */; };
		A087236D1E0D16FF00AADFBC /* b16.jpg in Resources */ = {isa = PBXBuildFile; fileRef = A087236C1E0D16FF00AADFBC /* b16.jpg */; };
		A08723701E0D1B5D00AADFBC /* URWWUserInfoTableViewCell.m in Sources */ = {isa = PBXBuildFile; fileRef = A087236F1E0D1B5D00AADFBC /* URWWUserInfoTableViewCell.m */; };
		A08723731E0D20CF00AADFBC /* URWWObjectInfo.m in Sources */ = {isa = PBXBuildFile; fileRef = A08723711E0D20CF00AADFBC /* URWWObjectInfo.m */; };
		A087237A1E0D27A500AADFBC /* URWWRunRecordView.m in Sources */ = {isa = PBXBuildFile; fileRef = A08723781E0D27A500AADFBC /* URWWRunRecordView.m */; };
		A087237E1E0D66F900AADFBC /* URLabel.m in Sources */ = {isa = PBXBuildFile; fileRef = A087237D1E0D66F900AADFBC /* URLabel.m */; };
		A08723811E0D6F3F00AADFBC /* URRunRecordTableViewCell.m in Sources */ = {isa = PBXBuildFile; fileRef = A08723801E0D6F3F00AADFBC /* URRunRecordTableViewCell.m */; };
		A08723841E0D76AD00AADFBC /* URCalendarTableViewCell.m in Sources */ = {isa = PBXBuildFile; fileRef = A08723831E0D76AD00AADFBC /* URCalendarTableViewCell.m */; };
		A08723881E0E0CCA00AADFBC /* URWWCalendarView.m in Sources */ = {isa = PBXBuildFile; fileRef = A08723871E0E0CCA00AADFBC /* URWWCalendarView.m */; };
		A0B222A71E1F44DF00AD35EE /* URPortraitView.m in Sources */ = {isa = PBXBuildFile; fileRef = A0B222A51E1F44DF00AD35EE /* URPortraitView.m */; };
		A0B222AD1E1FEB7300AD35EE /* URWWUserInfoService.m in Sources */ = {isa = PBXBuildFile; fileRef = A0B222AC1E1FEB7300AD35EE /* URWWUserInfoService.m */; };
		A0B222B01E1FEE4B00AD35EE /* URWWUserInfo.m in Sources */ = {isa = PBXBuildFile; fileRef = A0B222AF1E1FEE4B00AD35EE /* URWWUserInfo.m */; };
		A0C65A2A1DFEAB23005EF47D /* URMarcoUtil.m in Sources */ = {isa = PBXBuildFile; fileRef = A0C65A291DFEAB22005EF47D /* URMarcoUtil.m */; };
		A0D29C131DF4679600C7CF4D /* main.m in Sources */ = {isa = PBXBuildFile; fileRef = A0D29C121DF4679600C7CF4D /* main.m */; };
		A0D29C161DF4679600C7CF4D /* AppDelegate.m in Sources */ = {isa = PBXBuildFile; fileRef = A0D29C151DF4679600C7CF4D /* AppDelegate.m */; };
		A0D29C191DF4679600C7CF4D /* ViewController.m in Sources */ = {isa = PBXBuildFile; fileRef = A0D29C181DF4679600C7CF4D /* ViewController.m */; };
		A0D29C1C1DF4679600C7CF4D /* Main.storyboard in Resources */ = {isa = PBXBuildFile; fileRef = A0D29C1A1DF4679600C7CF4D /* Main.storyboard */; };
		A0D29C1E1DF4679600C7CF4D /* Assets.xcassets in Resources */ = {isa = PBXBuildFile; fileRef = A0D29C1D1DF4679600C7CF4D /* Assets.xcassets */; };
		A0D29C211DF4679600C7CF4D /* LaunchScreen.storyboard in Resources */ = {isa = PBXBuildFile; fileRef = A0D29C1F1DF4679600C7CF4D /* LaunchScreen.storyboard */; };
		A0D4BFE41E097DA5006CB813 /* URWWWeatherView.m in Sources */ = {isa = PBXBuildFile; fileRef = A0D4BFE31E097DA5006CB813 /* URWWWeatherView.m */; };
		A0DB7E591E3851B6002A1950 /* URTestProtocolViewController.m in Sources */ = {isa = PBXBuildFile; fileRef = A0DB7E581E3851B6002A1950 /* URTestProtocolViewController.m */; };
		A0DB7E5B1E3852F3002A1950 /* URTestProtocolStoryboard.storyboard in Resources */ = {isa = PBXBuildFile; fileRef = A0DB7E5A1E3852F3002A1950 /* URTestProtocolStoryboard.storyboard */; };
		A0DFE2751E2B19FF005B254F /* UIImage+URExtension.m in Sources */ = {isa = PBXBuildFile; fileRef = A0DFE2711E2B19FF005B254F /* UIImage+URExtension.m */; };
		A0DFE2761E2B19FF005B254F /* NSDictionary+Safe.m in Sources */ = {isa = PBXBuildFile; fileRef = A0DFE2731E2B19FF005B254F /* NSDictionary+Safe.m */; };
		A0DFE2791E2B1AC5005B254F /* URStepFrequencyUtil.m in Sources */ = {isa = PBXBuildFile; fileRef = A0DFE2781E2B1AC5005B254F /* URStepFrequencyUtil.m */; };
		A0DFE2811E2C789B005B254F /* URAsyncSocketWrapper.m in Sources */ = {isa = PBXBuildFile; fileRef = A0DFE2801E2C789B005B254F /* URAsyncSocketWrapper.m */; };
		A0E657331E098619003D5E87 /* CoreLocation.framework in Frameworks */ = {isa = PBXBuildFile; fileRef = A0E657321E098619003D5E87 /* CoreLocation.framework */; };
		A0E657421E0A30AB003D5E87 /* URWWWeatherSerivce.m in Sources */ = {isa = PBXBuildFile; fileRef = A0E657401E0A30AB003D5E87 /* URWWWeatherSerivce.m */; };
		A0E657501E0A685F003D5E87 /* URLog.m in Sources */ = {isa = PBXBuildFile; fileRef = A0E6574A1E0A685E003D5E87 /* URLog.m */; };
		A0E657511E0A685F003D5E87 /* URLogWrapper.m in Sources */ = {isa = PBXBuildFile; fileRef = A0E6574C1E0A685F003D5E87 /* URLogWrapper.m */; };
		A0E657551E0A6E33003D5E87 /* weather-cloudy.jpg in Resources */ = {isa = PBXBuildFile; fileRef = A0E657541E0A6E33003D5E87 /* weather-cloudy.jpg */; };
		A0E657591E0ADA91003D5E87 /* URLocationManager.m in Sources */ = {isa = PBXBuildFile; fileRef = A0E657581E0ADA91003D5E87 /* URLocationManager.m */; };
		A0E7A9B91E49BA990014C95F /* URWWLoginService.m in Sources */ = {isa = PBXBuildFile; fileRef = A0E7A9B71E49BA990014C95F /* URWWLoginService.m */; };
		A0E8C6F31EBA13D8001E9083 /* loginbg.jpg in Resources */ = {isa = PBXBuildFile; fileRef = A0E8C6F21EBA13D8001E9083 /* loginbg.jpg */; };
		A0E8C6F71EBA17C1001E9083 /* URImageMacro.m in Sources */ = {isa = PBXBuildFile; fileRef = A0E8C6F61EBA17C1001E9083 /* URImageMacro.m */; };
		A0E8C6FD1EBAFCBD001E9083 /* URLayoutViewMacro.m in Sources */ = {isa = PBXBuildFile; fileRef = A0E8C6FC1EBAFCBD001E9083 /* URLayoutViewMacro.m */; };
		A0E8C7001EBB0529001E9083 /* URActionMacro.m in Sources */ = {isa = PBXBuildFile; fileRef = A0E8C6FF1EBB0529001E9083 /* URActionMacro.m */; };
		A0EAE8861E136B0C000236A4 /* URHttpUrlDefine.m in Sources */ = {isa = PBXBuildFile; fileRef = A0EAE8851E136B0C000236A4 /* URHttpUrlDefine.m */; };
		A0EAE88A1E13973A000236A4 /* URAFNetWorkingWrapper.m in Sources */ = {isa = PBXBuildFile; fileRef = A0EAE8891E13973A000236A4 /* URAFNetWorkingWrapper.m */; };
		A0EAE88D1E139AF2000236A4 /* URDefine.m in Sources */ = {isa = PBXBuildFile; fileRef = A0EAE88C1E139AF2000236A4 /* URDefine.m */; };
		A0EAE8901E13AF17000236A4 /* URWWLocationService.m in Sources */ = {isa = PBXBuildFile; fileRef = A0EAE88F1E13AF17000236A4 /* URWWLocationService.m */; };
		A0EC34101E37A84B00EC31F2 /* URAsyncSocketWrapper+timeout.m in Sources */ = {isa = PBXBuildFile; fileRef = A0EC340F1E37A84B00EC31F2 /* URAsyncSocketWrapper+timeout.m */; };
		A0EEA7561EBC659100C0C6FD /* URTelephoneNumberViewController.m in Sources */ = {isa = PBXBuildFile; fileRef = A0EEA7551EBC659100C0C6FD /* URTelephoneNumberViewController.m */; };
		A0F936461EC2135000FF26D6 /* URForgetPasswordViewController.m in Sources */ = {isa = PBXBuildFile; fileRef = A0F936451EC2135000FF26D6 /* URForgetPasswordViewController.m */; };
		A0F936491EC221C400FF26D6 /* URControlType.m in Sources */ = {isa = PBXBuildFile; fileRef = A0F936481EC221C400FF26D6 /* URControlType.m */; };
		A0F936601EC37E0D00FF26D6 /* URMessageViewController.m in Sources */ = {isa = PBXBuildFile; fileRef = A0F9365F1EC37E0D00FF26D6 /* URMessageViewController.m */; };
		A0F936641EC37EA600FF26D6 /* URFeedViewController.m in Sources */ = {isa = PBXBuildFile; fileRef = A0F936631EC37EA600FF26D6 /* URFeedViewController.m */; };
		A0FA9B411EBA400300C30EC9 /* URWWLoginViewController+Layout.m in Sources */ = {isa = PBXBuildFile; fileRef = A0FA9B401EBA400300C30EC9 /* URWWLoginViewController+Layout.m */; };
		A0FDBEC81E5998E0000877C3 /* URSocketService.m in Sources */ = {isa = PBXBuildFile; fileRef = A0FDBEC71E5998E0000877C3 /* URSocketService.m */; };
		A0FDBED11E59DBFB000877C3 /* URWWService.m in Sources */ = {isa = PBXBuildFile; fileRef = A0FDBED01E59DBFB000877C3 /* URWWService.m */; };
		C986EA9AAA48A052B3B730F8 /* Pods_URWindWalk.framework in Frameworks */ = {isa = PBXBuildFile; fileRef = DC3D0D3C8D0E2F50736ACF8E /* Pods_URWindWalk.framework */; };
/* End PBXBuildFile section */

/* Begin PBXFileReference section */
		7DF0D77818870D74D7875F69 /* Pods-URWindWalk.release.xcconfig */ = {isa = PBXFileReference; includeInIndex = 1; lastKnownFileType = text.xcconfig; name = "Pods-URWindWalk.release.xcconfig"; path = "Pods/Target Support Files/Pods-URWindWalk/Pods-URWindWalk.release.xcconfig"; sourceTree = "<group>"; };
		A0342EF21E1C034D0005E74C /* URMeInfoTableViewCell.h */ = {isa = PBXFileReference; fileEncoding = 4; lastKnownFileType = sourcecode.c.h; path = URMeInfoTableViewCell.h; sourceTree = "<group>"; };
		A0342EF31E1C034D0005E74C /* URMeInfoTableViewCell.m */ = {isa = PBXFileReference; fileEncoding = 4; lastKnownFileType = sourcecode.c.objc; path = URMeInfoTableViewCell.m; sourceTree = "<group>"; };
		A04D7F8A1E6863BA0003E7D4 /* URNotification.h */ = {isa = PBXFileReference; fileEncoding = 4; lastKnownFileType = sourcecode.c.h; path = URNotification.h; sourceTree = "<group>"; };
		A04D7F8B1E6863BA0003E7D4 /* URNotification.m */ = {isa = PBXFileReference; fileEncoding = 4; lastKnownFileType = sourcecode.c.objc; path = URNotification.m; sourceTree = "<group>"; };
		A04D7F8D1E6868640003E7D4 /* URLoginCore.h */ = {isa = PBXFileReference; fileEncoding = 4; lastKnownFileType = sourcecode.c.h; path = URLoginCore.h; sourceTree = "<group>"; };
		A04D7F8E1E6868640003E7D4 /* URLoginCore.m */ = {isa = PBXFileReference; fileEncoding = 4; lastKnownFileType = sourcecode.c.objc; path = URLoginCore.m; sourceTree = "<group>"; };
		A04D7F901E6869C40003E7D4 /* URBlock.h */ = {isa = PBXFileReference; fileEncoding = 4; lastKnownFileType = sourcecode.c.h; path = URBlock.h; sourceTree = "<group>"; };
		A04D7F911E6869C40003E7D4 /* URBlock.m */ = {isa = PBXFileReference; fileEncoding = 4; lastKnownFileType = sourcecode.c.objc; path = URBlock.m; sourceTree = "<group>"; };
		A050907E1E3D908B002ABDCD /* Urprotocol.pbobjc.m */ = {isa = PBXFileReference; fileEncoding = 4; lastKnownFileType = sourcecode.c.objc; path = Urprotocol.pbobjc.m; sourceTree = "<group>"; };
		A050907F1E3D908B002ABDCD /* Urprotocol.pbobjc.h */ = {isa = PBXFileReference; fileEncoding = 4; lastKnownFileType = sourcecode.c.h; path = Urprotocol.pbobjc.h; sourceTree = "<group>"; };
		A05090801E3D908B002ABDCD /* UrpacketType.pbobjc.m */ = {isa = PBXFileReference; fileEncoding = 4; lastKnownFileType = sourcecode.c.objc; path = UrpacketType.pbobjc.m; sourceTree = "<group>"; };
		A05090811E3D908B002ABDCD /* UrpacketType.pbobjc.h */ = {isa = PBXFileReference; fileEncoding = 4; lastKnownFileType = sourcecode.c.h; path = UrpacketType.pbobjc.h; sourceTree = "<group>"; };
		A05090851E3D90DA002ABDCD /* URProtocolWrapper.h */ = {isa = PBXFileReference; fileEncoding = 4; lastKnownFileType = sourcecode.c.h; path = URProtocolWrapper.h; sourceTree = "<group>"; };
		A05090861E3D90DA002ABDCD /* URProtocolWrapper.m */ = {isa = PBXFileReference; fileEncoding = 4; lastKnownFileType = sourcecode.c.objc; path = URProtocolWrapper.m; sourceTree = "<group>"; };
		A050908B1E3DA3B5002ABDCD /* Any.pbobjc.h */ = {isa = PBXFileReference; fileEncoding = 4; lastKnownFileType = sourcecode.c.h; path = Any.pbobjc.h; sourceTree = "<group>"; };
		A050908C1E3DA3B5002ABDCD /* Any.pbobjc.m */ = {isa = PBXFileReference; fileEncoding = 4; lastKnownFileType = sourcecode.c.objc; path = Any.pbobjc.m; sourceTree = "<group>"; };
		A050908D1E3DA3B5002ABDCD /* Api.pbobjc.h */ = {isa = PBXFileReference; fileEncoding = 4; lastKnownFileType = sourcecode.c.h; path = Api.pbobjc.h; sourceTree = "<group>"; };
		A050908E1E3DA3B5002ABDCD /* Api.pbobjc.m */ = {isa = PBXFileReference; fileEncoding = 4; lastKnownFileType = sourcecode.c.objc; path = Api.pbobjc.m; sourceTree = "<group>"; };
		A050908F1E3DA3B5002ABDCD /* Duration.pbobjc.h */ = {isa = PBXFileReference; fileEncoding = 4; lastKnownFileType = sourcecode.c.h; path = Duration.pbobjc.h; sourceTree = "<group>"; };
		A05090901E3DA3B5002ABDCD /* Duration.pbobjc.m */ = {isa = PBXFileReference; fileEncoding = 4; lastKnownFileType = sourcecode.c.objc; path = Duration.pbobjc.m; sourceTree = "<group>"; };
		A05090911E3DA3B5002ABDCD /* Empty.pbobjc.h */ = {isa = PBXFileReference; fileEncoding = 4; lastKnownFileType = sourcecode.c.h; path = Empty.pbobjc.h; sourceTree = "<group>"; };
		A05090921E3DA3B5002ABDCD /* Empty.pbobjc.m */ = {isa = PBXFileReference; fileEncoding = 4; lastKnownFileType = sourcecode.c.objc; path = Empty.pbobjc.m; sourceTree = "<group>"; };
		A05090931E3DA3B5002ABDCD /* FieldMask.pbobjc.h */ = {isa = PBXFileReference; fileEncoding = 4; lastKnownFileType = sourcecode.c.h; path = FieldMask.pbobjc.h; sourceTree = "<group>"; };
		A05090941E3DA3B5002ABDCD /* FieldMask.pbobjc.m */ = {isa = PBXFileReference; fileEncoding = 4; lastKnownFileType = sourcecode.c.objc; path = FieldMask.pbobjc.m; sourceTree = "<group>"; };
		A05090951E3DA3B5002ABDCD /* SourceContext.pbobjc.h */ = {isa = PBXFileReference; fileEncoding = 4; lastKnownFileType = sourcecode.c.h; path = SourceContext.pbobjc.h; sourceTree = "<group>"; };
		A05090961E3DA3B5002ABDCD /* SourceContext.pbobjc.m */ = {isa = PBXFileReference; fileEncoding = 4; lastKnownFileType = sourcecode.c.objc; path = SourceContext.pbobjc.m; sourceTree = "<group>"; };
		A05090971E3DA3B5002ABDCD /* Struct.pbobjc.h */ = {isa = PBXFileReference; fileEncoding = 4; lastKnownFileType = sourcecode.c.h; path = Struct.pbobjc.h; sourceTree = "<group>"; };
		A05090981E3DA3B5002ABDCD /* Struct.pbobjc.m */ = {isa = PBXFileReference; fileEncoding = 4; lastKnownFileType = sourcecode.c.objc; path = Struct.pbobjc.m; sourceTree = "<group>"; };
		A05090991E3DA3B5002ABDCD /* Timestamp.pbobjc.h */ = {isa = PBXFileReference; fileEncoding = 4; lastKnownFileType = sourcecode.c.h; path = Timestamp.pbobjc.h; sourceTree = "<group>"; };
		A050909A1E3DA3B5002ABDCD /* Timestamp.pbobjc.m */ = {isa = PBXFileReference; fileEncoding = 4; lastKnownFileType = sourcecode.c.objc; path = Timestamp.pbobjc.m; sourceTree = "<group>"; };
		A050909B1E3DA3B5002ABDCD /* Type.pbobjc.h */ = {isa = PBXFileReference; fileEncoding = 4; lastKnownFileType = sourcecode.c.h; path = Type.pbobjc.h; sourceTree = "<group>"; };
		A050909C1E3DA3B5002ABDCD /* Type.pbobjc.m */ = {isa = PBXFileReference; fileEncoding = 4; lastKnownFileType = sourcecode.c.objc; path = Type.pbobjc.m; sourceTree = "<group>"; };
		A050909D1E3DA3B5002ABDCD /* Wrappers.pbobjc.h */ = {isa = PBXFileReference; fileEncoding = 4; lastKnownFileType = sourcecode.c.h; path = Wrappers.pbobjc.h; sourceTree = "<group>"; };
		A050909E1E3DA3B5002ABDCD /* Wrappers.pbobjc.m */ = {isa = PBXFileReference; fileEncoding = 4; lastKnownFileType = sourcecode.c.objc; path = Wrappers.pbobjc.m; sourceTree = "<group>"; };
		A050909F1E3DA3B5002ABDCD /* GPBArray.h */ = {isa = PBXFileReference; fileEncoding = 4; lastKnownFileType = sourcecode.c.h; path = GPBArray.h; sourceTree = "<group>"; };
		A05090A01E3DA3B5002ABDCD /* GPBArray.m */ = {isa = PBXFileReference; fileEncoding = 4; lastKnownFileType = sourcecode.c.objc; path = GPBArray.m; sourceTree = "<group>"; };
		A05090A11E3DA3B5002ABDCD /* GPBArray_PackagePrivate.h */ = {isa = PBXFileReference; fileEncoding = 4; lastKnownFileType = sourcecode.c.h; path = GPBArray_PackagePrivate.h; sourceTree = "<group>"; };
		A05090A21E3DA3B5002ABDCD /* GPBBootstrap.h */ = {isa = PBXFileReference; fileEncoding = 4; lastKnownFileType = sourcecode.c.h; path = GPBBootstrap.h; sourceTree = "<group>"; };
		A05090A31E3DA3B5002ABDCD /* GPBCodedInputStream.h */ = {isa = PBXFileReference; fileEncoding = 4; lastKnownFileType = sourcecode.c.h; path = GPBCodedInputStream.h; sourceTree = "<group>"; };
		A05090A41E3DA3B5002ABDCD /* GPBCodedInputStream.m */ = {isa = PBXFileReference; fileEncoding = 4; lastKnownFileType = sourcecode.c.objc; path = GPBCodedInputStream.m; sourceTree = "<group>"; };
		A05090A51E3DA3B5002ABDCD /* GPBCodedInputStream_PackagePrivate.h */ = {isa = PBXFileReference; fileEncoding = 4; lastKnownFileType = sourcecode.c.h; path = GPBCodedInputStream_PackagePrivate.h; sourceTree = "<group>"; };
		A05090A61E3DA3B5002ABDCD /* GPBCodedOutputStream.h */ = {isa = PBXFileReference; fileEncoding = 4; lastKnownFileType = sourcecode.c.h; path = GPBCodedOutputStream.h; sourceTree = "<group>"; };
		A05090A71E3DA3B5002ABDCD /* GPBCodedOutputStream.m */ = {isa = PBXFileReference; fileEncoding = 4; lastKnownFileType = sourcecode.c.objc; path = GPBCodedOutputStream.m; sourceTree = "<group>"; };
		A05090A81E3DA3B5002ABDCD /* GPBCodedOutputStream_PackagePrivate.h */ = {isa = PBXFileReference; fileEncoding = 4; lastKnownFileType = sourcecode.c.h; path = GPBCodedOutputStream_PackagePrivate.h; sourceTree = "<group>"; };
		A05090A91E3DA3B5002ABDCD /* GPBDescriptor.h */ = {isa = PBXFileReference; fileEncoding = 4; lastKnownFileType = sourcecode.c.h; path = GPBDescriptor.h; sourceTree = "<group>"; };
		A05090AA1E3DA3B5002ABDCD /* GPBDescriptor.m */ = {isa = PBXFileReference; fileEncoding = 4; lastKnownFileType = sourcecode.c.objc; path = GPBDescriptor.m; sourceTree = "<group>"; };
		A05090AB1E3DA3B5002ABDCD /* GPBDescriptor_PackagePrivate.h */ = {isa = PBXFileReference; fileEncoding = 4; lastKnownFileType = sourcecode.c.h; path = GPBDescriptor_PackagePrivate.h; sourceTree = "<group>"; };
		A05090AC1E3DA3B5002ABDCD /* GPBDictionary.h */ = {isa = PBXFileReference; fileEncoding = 4; lastKnownFileType = sourcecode.c.h; path = GPBDictionary.h; sourceTree = "<group>"; };
		A05090AD1E3DA3B5002ABDCD /* GPBDictionary.m */ = {isa = PBXFileReference; fileEncoding = 4; lastKnownFileType = sourcecode.c.objc; path = GPBDictionary.m; sourceTree = "<group>"; };
		A05090AE1E3DA3B5002ABDCD /* GPBDictionary_PackagePrivate.h */ = {isa = PBXFileReference; fileEncoding = 4; lastKnownFileType = sourcecode.c.h; path = GPBDictionary_PackagePrivate.h; sourceTree = "<group>"; };
		A05090AF1E3DA3B5002ABDCD /* GPBExtensionInternals.h */ = {isa = PBXFileReference; fileEncoding = 4; lastKnownFileType = sourcecode.c.h; path = GPBExtensionInternals.h; sourceTree = "<group>"; };
		A05090B01E3DA3B5002ABDCD /* GPBExtensionInternals.m */ = {isa = PBXFileReference; fileEncoding = 4; lastKnownFileType = sourcecode.c.objc; path = GPBExtensionInternals.m; sourceTree = "<group>"; };
		A05090B11E3DA3B5002ABDCD /* GPBExtensionRegistry.h */ = {isa = PBXFileReference; fileEncoding = 4; lastKnownFileType = sourcecode.c.h; path = GPBExtensionRegistry.h; sourceTree = "<group>"; };
		A05090B21E3DA3B5002ABDCD /* GPBExtensionRegistry.m */ = {isa = PBXFileReference; fileEncoding = 4; lastKnownFileType = sourcecode.c.objc; path = GPBExtensionRegistry.m; sourceTree = "<group>"; };
		A05090B31E3DA3B5002ABDCD /* GPBMessage.h */ = {isa = PBXFileReference; fileEncoding = 4; lastKnownFileType = sourcecode.c.h; path = GPBMessage.h; sourceTree = "<group>"; };
		A05090B41E3DA3B5002ABDCD /* GPBMessage.m */ = {isa = PBXFileReference; fileEncoding = 4; lastKnownFileType = sourcecode.c.objc; path = GPBMessage.m; sourceTree = "<group>"; };
		A05090B51E3DA3B5002ABDCD /* GPBMessage_PackagePrivate.h */ = {isa = PBXFileReference; fileEncoding = 4; lastKnownFileType = sourcecode.c.h; path = GPBMessage_PackagePrivate.h; sourceTree = "<group>"; };
		A05090B61E3DA3B5002ABDCD /* GPBProtocolBuffers.h */ = {isa = PBXFileReference; fileEncoding = 4; lastKnownFileType = sourcecode.c.h; path = GPBProtocolBuffers.h; sourceTree = "<group>"; };
		A05090B71E3DA3B5002ABDCD /* GPBProtocolBuffers_RuntimeSupport.h */ = {isa = PBXFileReference; fileEncoding = 4; lastKnownFileType = sourcecode.c.h; path = GPBProtocolBuffers_RuntimeSupport.h; sourceTree = "<group>"; };
		A05090B81E3DA3B5002ABDCD /* GPBRootObject.h */ = {isa = PBXFileReference; fileEncoding = 4; lastKnownFileType = sourcecode.c.h; path = GPBRootObject.h; sourceTree = "<group>"; };
		A05090B91E3DA3B5002ABDCD /* GPBRootObject.m */ = {isa = PBXFileReference; fileEncoding = 4; lastKnownFileType = sourcecode.c.objc; path = GPBRootObject.m; sourceTree = "<group>"; };
		A05090BA1E3DA3B5002ABDCD /* GPBRootObject_PackagePrivate.h */ = {isa = PBXFileReference; fileEncoding = 4; lastKnownFileType = sourcecode.c.h; path = GPBRootObject_PackagePrivate.h; sourceTree = "<group>"; };
		A05090BB1E3DA3B5002ABDCD /* GPBRuntimeTypes.h */ = {isa = PBXFileReference; fileEncoding = 4; lastKnownFileType = sourcecode.c.h; path = GPBRuntimeTypes.h; sourceTree = "<group>"; };
		A05090BC1E3DA3B5002ABDCD /* GPBUnknownField.h */ = {isa = PBXFileReference; fileEncoding = 4; lastKnownFileType = sourcecode.c.h; path = GPBUnknownField.h; sourceTree = "<group>"; };
		A05090BD1E3DA3B5002ABDCD /* GPBUnknownField.m */ = {isa = PBXFileReference; fileEncoding = 4; lastKnownFileType = sourcecode.c.objc; path = GPBUnknownField.m; sourceTree = "<group>"; };
		A05090BE1E3DA3B5002ABDCD /* GPBUnknownField_PackagePrivate.h */ = {isa = PBXFileReference; fileEncoding = 4; lastKnownFileType = sourcecode.c.h; path = GPBUnknownField_PackagePrivate.h; sourceTree = "<group>"; };
		A05090BF1E3DA3B5002ABDCD /* GPBUnknownFieldSet.h */ = {isa = PBXFileReference; fileEncoding = 4; lastKnownFileType = sourcecode.c.h; path = GPBUnknownFieldSet.h; sourceTree = "<group>"; };
		A05090C01E3DA3B5002ABDCD /* GPBUnknownFieldSet.m */ = {isa = PBXFileReference; fileEncoding = 4; lastKnownFileType = sourcecode.c.objc; path = GPBUnknownFieldSet.m; sourceTree = "<group>"; };
		A05090C11E3DA3B5002ABDCD /* GPBUnknownFieldSet_PackagePrivate.h */ = {isa = PBXFileReference; fileEncoding = 4; lastKnownFileType = sourcecode.c.h; path = GPBUnknownFieldSet_PackagePrivate.h; sourceTree = "<group>"; };
		A05090C21E3DA3B5002ABDCD /* GPBUtilities.h */ = {isa = PBXFileReference; fileEncoding = 4; lastKnownFileType = sourcecode.c.h; path = GPBUtilities.h; sourceTree = "<group>"; };
		A05090C31E3DA3B5002ABDCD /* GPBUtilities.m */ = {isa = PBXFileReference; fileEncoding = 4; lastKnownFileType = sourcecode.c.objc; path = GPBUtilities.m; sourceTree = "<group>"; };
		A05090C41E3DA3B5002ABDCD /* GPBUtilities_PackagePrivate.h */ = {isa = PBXFileReference; fileEncoding = 4; lastKnownFileType = sourcecode.c.h; path = GPBUtilities_PackagePrivate.h; sourceTree = "<group>"; };
		A05090C51E3DA3B5002ABDCD /* GPBWellKnownTypes.h */ = {isa = PBXFileReference; fileEncoding = 4; lastKnownFileType = sourcecode.c.h; path = GPBWellKnownTypes.h; sourceTree = "<group>"; };
		A05090C61E3DA3B5002ABDCD /* GPBWellKnownTypes.m */ = {isa = PBXFileReference; fileEncoding = 4; lastKnownFileType = sourcecode.c.objc; path = GPBWellKnownTypes.m; sourceTree = "<group>"; };
		A05090C71E3DA3B5002ABDCD /* GPBWireFormat.h */ = {isa = PBXFileReference; fileEncoding = 4; lastKnownFileType = sourcecode.c.h; path = GPBWireFormat.h; sourceTree = "<group>"; };
		A05090C81E3DA3B5002ABDCD /* GPBWireFormat.m */ = {isa = PBXFileReference; fileEncoding = 4; lastKnownFileType = sourcecode.c.objc; path = GPBWireFormat.m; sourceTree = "<group>"; };
		A0647B171E163BC400F5AC6E /* TPWeatherWrapper.h */ = {isa = PBXFileReference; fileEncoding = 4; lastKnownFileType = sourcecode.c.h; path = TPWeatherWrapper.h; sourceTree = "<group>"; };
		A0647B181E163BC400F5AC6E /* TPWeatherWrapper.m */ = {isa = PBXFileReference; fileEncoding = 4; lastKnownFileType = sourcecode.c.objc; path = TPWeatherWrapper.m; sourceTree = "<group>"; };
		A0647B1D1E16BD9E00F5AC6E /* URWWMainService.h */ = {isa = PBXFileReference; fileEncoding = 4; lastKnownFileType = sourcecode.c.h; path = URWWMainService.h; sourceTree = "<group>"; };
		A0647B1E1E16BD9E00F5AC6E /* URWWMainService.m */ = {isa = PBXFileReference; fileEncoding = 4; lastKnownFileType = sourcecode.c.objc; path = URWWMainService.m; sourceTree = "<group>"; };
		A0647B201E17684000F5AC6E /* URWWRunService.h */ = {isa = PBXFileReference; fileEncoding = 4; lastKnownFileType = sourcecode.c.h; path = URWWRunService.h; sourceTree = "<group>"; };
		A0647B211E17684000F5AC6E /* URWWRunService.m */ = {isa = PBXFileReference; fileEncoding = 4; lastKnownFileType = sourcecode.c.objc; path = URWWRunService.m; sourceTree = "<group>"; };
		A0647B241E1AB14500F5AC6E /* URLogCheckViewController.h */ = {isa = PBXFileReference; fileEncoding = 4; lastKnownFileType = sourcecode.c.h; path = URLogCheckViewController.h; sourceTree = "<group>"; };
		A0647B251E1AB14500F5AC6E /* URLogCheckViewController.m */ = {isa = PBXFileReference; fileEncoding = 4; lastKnownFileType = sourcecode.c.objc; path = URLogCheckViewController.m; sourceTree = "<group>"; };
		A06AFEE01E100B68008D6464 /* URWWCalendarCollectionViewCell.h */ = {isa = PBXFileReference; fileEncoding = 4; lastKnownFileType = sourcecode.c.h; path = URWWCalendarCollectionViewCell.h; sourceTree = "<group>"; };
		A06AFEE11E100B68008D6464 /* URWWCalendarCollectionViewCell.m */ = {isa = PBXFileReference; fileEncoding = 4; lastKnownFileType = sourcecode.c.objc; path = URWWCalendarCollectionViewCell.m; sourceTree = "<group>"; };
		A06AFEE71E11643B008D6464 /* URTestViewController.h */ = {isa = PBXFileReference; fileEncoding = 4; lastKnownFileType = sourcecode.c.h; path = URTestViewController.h; sourceTree = "<group>"; };
		A06AFEE81E11643B008D6464 /* URTestViewController.m */ = {isa = PBXFileReference; fileEncoding = 4; lastKnownFileType = sourcecode.c.objc; path = URTestViewController.m; sourceTree = "<group>"; };
		A086A56D1EC1C3B700A2ACB9 /* URButton.h */ = {isa = PBXFileReference; fileEncoding = 4; lastKnownFileType = sourcecode.c.h; path = URButton.h; sourceTree = "<group>"; };
		A086A56E1EC1C3B700A2ACB9 /* URButton.m */ = {isa = PBXFileReference; fileEncoding = 4; lastKnownFileType = sourcecode.c.objc; path = URButton.m; sourceTree = "<group>"; };
		A086A5701EC1C4A000A2ACB9 /* URTextField.h */ = {isa = PBXFileReference; fileEncoding = 4; lastKnownFileType = sourcecode.c.h; path = URTextField.h; sourceTree = "<group>"; };
		A086A5711EC1C4A000A2ACB9 /* URTextField.m */ = {isa = PBXFileReference; fileEncoding = 4; lastKnownFileType = sourcecode.c.objc; path = URTextField.m; sourceTree = "<group>"; };
		A086A5831EC5DFF900A2ACB9 /* UIView+URLayoutUtil.h */ = {isa = PBXFileReference; fileEncoding = 4; lastKnownFileType = sourcecode.c.h; path = "UIView+URLayoutUtil.h"; sourceTree = "<group>"; };
		A086A5841EC5DFF900A2ACB9 /* UIView+URLayoutUtil.m */ = {isa = PBXFileReference; fileEncoding = 4; lastKnownFileType = sourcecode.c.objc; path = "UIView+URLayoutUtil.m"; sourceTree = "<group>"; };
		A08722F51E0C314400AADFBC /* URWWUserInfoView.h */ = {isa = PBXFileReference; fileEncoding = 4; lastKnownFileType = sourcecode.c.h; path = URWWUserInfoView.h; sourceTree = "<group>"; };
		A08722F61E0C314400AADFBC /* URWWUserInfoView.m */ = {isa = PBXFileReference; fileEncoding = 4; lastKnownFileType = sourcecode.c.objc; path = URWWUserInfoView.m; sourceTree = "<group>"; };
		A08722FA1E0D132B00AADFBC /* URWWLoginViewController.h */ = {isa = PBXFileReference; fileEncoding = 4; lastKnownFileType = sourcecode.c.h; path = URWWLoginViewController.h; sourceTree = "<group>"; };
		A08722FB1E0D132B00AADFBC /* URWWLoginViewController.m */ = {isa = PBXFileReference; fileEncoding = 4; lastKnownFileType = sourcecode.c.objc; path = URWWLoginViewController.m; sourceTree = "<group>"; };
		A08722FD1E0D132B00AADFBC /* MeViewController.h */ = {isa = PBXFileReference; fileEncoding = 4; lastKnownFileType = sourcecode.c.h; path = MeViewController.h; sourceTree = "<group>"; };
		A08722FE1E0D132B00AADFBC /* MeViewController.m */ = {isa = PBXFileReference; fileEncoding = 4; lastKnownFileType = sourcecode.c.objc; path = MeViewController.m; sourceTree = "<group>"; };
		A08723001E0D132B00AADFBC /* RunViewController.h */ = {isa = PBXFileReference; fileEncoding = 4; lastKnownFileType = sourcecode.c.h; path = RunViewController.h; sourceTree = "<group>"; };
		A08723011E0D132B00AADFBC /* RunViewController.m */ = {isa = PBXFileReference; fileEncoding = 4; lastKnownFileType = sourcecode.c.objc; path = RunViewController.m; sourceTree = "<group>"; };
		A08723031E0D132B00AADFBC /* URSummaryViewController+URLayout.h */ = {isa = PBXFileReference; fileEncoding = 4; lastKnownFileType = sourcecode.c.h; path = "URSummaryViewController+URLayout.h"; sourceTree = "<group>"; };
		A08723041E0D132B00AADFBC /* URSummaryViewController+URLayout.m */ = {isa = PBXFileReference; fileEncoding = 4; lastKnownFileType = sourcecode.c.objc; path = "URSummaryViewController+URLayout.m"; sourceTree = "<group>"; };
		A08723051E0D132B00AADFBC /* URSummaryViewController.h */ = {isa = PBXFileReference; fileEncoding = 4; lastKnownFileType = sourcecode.c.h; path = URSummaryViewController.h; sourceTree = "<group>"; };
		A08723061E0D132B00AADFBC /* URSummaryViewController.m */ = {isa = PBXFileReference; fileEncoding = 4; lastKnownFileType = sourcecode.c.objc; path = URSummaryViewController.m; sourceTree = "<group>"; };
		A08723661E0D15BA00AADFBC /* NSDateUtil.h */ = {isa = PBXFileReference; fileEncoding = 4; lastKnownFileType = sourcecode.c.h; path = NSDateUtil.h; sourceTree = "<group>"; };
		A08723671E0D15BA00AADFBC /* NSDateUtil.m */ = {isa = PBXFileReference; fileEncoding = 4; lastKnownFileType = sourcecode.c.objc; path = NSDateUtil.m; sourceTree = "<group>"; };
		A087236C1E0D16FF00AADFBC /* b16.jpg */ = {isa = PBXFileReference; lastKnownFileType = image.jpeg; path = b16.jpg; sourceTree = "<group>"; };
		A087236E1E0D1B5D00AADFBC /* URWWUserInfoTableViewCell.h */ = {isa = PBXFileReference; fileEncoding = 4; lastKnownFileType = sourcecode.c.h; path = URWWUserInfoTableViewCell.h; sourceTree = "<group>"; };
		A087236F1E0D1B5D00AADFBC /* URWWUserInfoTableViewCell.m */ = {isa = PBXFileReference; fileEncoding = 4; lastKnownFileType = sourcecode.c.objc; path = URWWUserInfoTableViewCell.m; sourceTree = "<group>"; };
		A08723711E0D20CF00AADFBC /* URWWObjectInfo.m */ = {isa = PBXFileReference; fileEncoding = 4; lastKnownFileType = sourcecode.c.objc; path = URWWObjectInfo.m; sourceTree = "<group>"; };
		A08723721E0D20CF00AADFBC /* URWWObjectInfo.h */ = {isa = PBXFileReference; fileEncoding = 4; lastKnownFileType = sourcecode.c.h; path = URWWObjectInfo.h; sourceTree = "<group>"; };
		A08723781E0D27A500AADFBC /* URWWRunRecordView.m */ = {isa = PBXFileReference; fileEncoding = 4; lastKnownFileType = sourcecode.c.objc; path = URWWRunRecordView.m; sourceTree = "<group>"; };
		A08723791E0D27A500AADFBC /* URWWRunRecordView.h */ = {isa = PBXFileReference; fileEncoding = 4; lastKnownFileType = sourcecode.c.h; path = URWWRunRecordView.h; sourceTree = "<group>"; };
		A087237C1E0D66F900AADFBC /* URLabel.h */ = {isa = PBXFileReference; fileEncoding = 4; lastKnownFileType = sourcecode.c.h; path = URLabel.h; sourceTree = "<group>"; };
		A087237D1E0D66F900AADFBC /* URLabel.m */ = {isa = PBXFileReference; fileEncoding = 4; lastKnownFileType = sourcecode.c.objc; path = URLabel.m; sourceTree = "<group>"; };
		A087237F1E0D6F3F00AADFBC /* URRunRecordTableViewCell.h */ = {isa = PBXFileReference; fileEncoding = 4; lastKnownFileType = sourcecode.c.h; path = URRunRecordTableViewCell.h; sourceTree = "<group>"; };
		A08723801E0D6F3F00AADFBC /* URRunRecordTableViewCell.m */ = {isa = PBXFileReference; fileEncoding = 4; lastKnownFileType = sourcecode.c.objc; path = URRunRecordTableViewCell.m; sourceTree = "<group>"; };
		A08723821E0D76AD00AADFBC /* URCalendarTableViewCell.h */ = {isa = PBXFileReference; fileEncoding = 4; lastKnownFileType = sourcecode.c.h; path = URCalendarTableViewCell.h; sourceTree = "<group>"; };
		A08723831E0D76AD00AADFBC /* URCalendarTableViewCell.m */ = {isa = PBXFileReference; fileEncoding = 4; lastKnownFileType = sourcecode.c.objc; path = URCalendarTableViewCell.m; sourceTree = "<group>"; };
		A08723861E0E0CCA00AADFBC /* URWWCalendarView.h */ = {isa = PBXFileReference; fileEncoding = 4; lastKnownFileType = sourcecode.c.h; path = URWWCalendarView.h; sourceTree = "<group>"; };
		A08723871E0E0CCA00AADFBC /* URWWCalendarView.m */ = {isa = PBXFileReference; fileEncoding = 4; lastKnownFileType = sourcecode.c.objc; path = URWWCalendarView.m; sourceTree = "<group>"; };
		A0B222A51E1F44DF00AD35EE /* URPortraitView.m */ = {isa = PBXFileReference; fileEncoding = 4; lastKnownFileType = sourcecode.c.objc; path = URPortraitView.m; sourceTree = "<group>"; };
		A0B222A61E1F44DF00AD35EE /* URPortraitView.h */ = {isa = PBXFileReference; fileEncoding = 4; lastKnownFileType = sourcecode.c.h; path = URPortraitView.h; sourceTree = "<group>"; };
		A0B222AB1E1FEB7300AD35EE /* URWWUserInfoService.h */ = {isa = PBXFileReference; fileEncoding = 4; lastKnownFileType = sourcecode.c.h; path = URWWUserInfoService.h; sourceTree = "<group>"; };
		A0B222AC1E1FEB7300AD35EE /* URWWUserInfoService.m */ = {isa = PBXFileReference; fileEncoding = 4; lastKnownFileType = sourcecode.c.objc; path = URWWUserInfoService.m; sourceTree = "<group>"; };
		A0B222AE1E1FEE4B00AD35EE /* URWWUserInfo.h */ = {isa = PBXFileReference; fileEncoding = 4; lastKnownFileType = sourcecode.c.h; path = URWWUserInfo.h; sourceTree = "<group>"; };
		A0B222AF1E1FEE4B00AD35EE /* URWWUserInfo.m */ = {isa = PBXFileReference; fileEncoding = 4; lastKnownFileType = sourcecode.c.objc; path = URWWUserInfo.m; sourceTree = "<group>"; };
		A0C65A281DFEAB22005EF47D /* URMarcoUtil.h */ = {isa = PBXFileReference; fileEncoding = 4; lastKnownFileType = sourcecode.c.h; path = URMarcoUtil.h; sourceTree = "<group>"; };
		A0C65A291DFEAB22005EF47D /* URMarcoUtil.m */ = {isa = PBXFileReference; fileEncoding = 4; lastKnownFileType = sourcecode.c.objc; path = URMarcoUtil.m; sourceTree = "<group>"; };
		A0D29C0E1DF4679600C7CF4D /* URWindWalk.app */ = {isa = PBXFileReference; explicitFileType = wrapper.application; includeInIndex = 0; path = URWindWalk.app; sourceTree = BUILT_PRODUCTS_DIR; };
		A0D29C121DF4679600C7CF4D /* main.m */ = {isa = PBXFileReference; lastKnownFileType = sourcecode.c.objc; path = main.m; sourceTree = "<group>"; };
		A0D29C141DF4679600C7CF4D /* AppDelegate.h */ = {isa = PBXFileReference; lastKnownFileType = sourcecode.c.h; path = AppDelegate.h; sourceTree = "<group>"; };
		A0D29C151DF4679600C7CF4D /* AppDelegate.m */ = {isa = PBXFileReference; lastKnownFileType = sourcecode.c.objc; path = AppDelegate.m; sourceTree = "<group>"; };
		A0D29C171DF4679600C7CF4D /* ViewController.h */ = {isa = PBXFileReference; lastKnownFileType = sourcecode.c.h; path = ViewController.h; sourceTree = "<group>"; };
		A0D29C181DF4679600C7CF4D /* ViewController.m */ = {isa = PBXFileReference; lastKnownFileType = sourcecode.c.objc; path = ViewController.m; sourceTree = "<group>"; };
		A0D29C1B1DF4679600C7CF4D /* Base */ = {isa = PBXFileReference; lastKnownFileType = file.storyboard; name = Base; path = Base.lproj/Main.storyboard; sourceTree = "<group>"; };
		A0D29C1D1DF4679600C7CF4D /* Assets.xcassets */ = {isa = PBXFileReference; lastKnownFileType = folder.assetcatalog; path = Assets.xcassets; sourceTree = "<group>"; };
		A0D29C201DF4679600C7CF4D /* Base */ = {isa = PBXFileReference; lastKnownFileType = file.storyboard; name = Base; path = Base.lproj/LaunchScreen.storyboard; sourceTree = "<group>"; };
		A0D29C221DF4679600C7CF4D /* Info.plist */ = {isa = PBXFileReference; lastKnownFileType = text.plist.xml; path = Info.plist; sourceTree = "<group>"; };
		A0D4BFE21E097DA5006CB813 /* URWWWeatherView.h */ = {isa = PBXFileReference; fileEncoding = 4; lastKnownFileType = sourcecode.c.h; path = URWWWeatherView.h; sourceTree = "<group>"; };
		A0D4BFE31E097DA5006CB813 /* URWWWeatherView.m */ = {isa = PBXFileReference; fileEncoding = 4; lastKnownFileType = sourcecode.c.objc; path = URWWWeatherView.m; sourceTree = "<group>"; };
		A0DB7E571E3851B6002A1950 /* URTestProtocolViewController.h */ = {isa = PBXFileReference; fileEncoding = 4; lastKnownFileType = sourcecode.c.h; path = URTestProtocolViewController.h; sourceTree = "<group>"; };
		A0DB7E581E3851B6002A1950 /* URTestProtocolViewController.m */ = {isa = PBXFileReference; fileEncoding = 4; lastKnownFileType = sourcecode.c.objc; path = URTestProtocolViewController.m; sourceTree = "<group>"; };
		A0DB7E5A1E3852F3002A1950 /* URTestProtocolStoryboard.storyboard */ = {isa = PBXFileReference; fileEncoding = 4; lastKnownFileType = file.storyboard; path = URTestProtocolStoryboard.storyboard; sourceTree = "<group>"; };
		A0DFE2711E2B19FF005B254F /* UIImage+URExtension.m */ = {isa = PBXFileReference; fileEncoding = 4; lastKnownFileType = sourcecode.c.objc; path = "UIImage+URExtension.m"; sourceTree = "<group>"; };
		A0DFE2721E2B19FF005B254F /* UIImage+URExtension.h */ = {isa = PBXFileReference; fileEncoding = 4; lastKnownFileType = sourcecode.c.h; path = "UIImage+URExtension.h"; sourceTree = "<group>"; };
		A0DFE2731E2B19FF005B254F /* NSDictionary+Safe.m */ = {isa = PBXFileReference; fileEncoding = 4; lastKnownFileType = sourcecode.c.objc; path = "NSDictionary+Safe.m"; sourceTree = "<group>"; };
		A0DFE2741E2B19FF005B254F /* NSDictionary+Safe.h */ = {isa = PBXFileReference; fileEncoding = 4; lastKnownFileType = sourcecode.c.h; path = "NSDictionary+Safe.h"; sourceTree = "<group>"; };
		A0DFE2771E2B1AC5005B254F /* URStepFrequencyUtil.h */ = {isa = PBXFileReference; fileEncoding = 4; lastKnownFileType = sourcecode.c.h; path = URStepFrequencyUtil.h; sourceTree = "<group>"; };
		A0DFE2781E2B1AC5005B254F /* URStepFrequencyUtil.m */ = {isa = PBXFileReference; fileEncoding = 4; lastKnownFileType = sourcecode.c.objc; path = URStepFrequencyUtil.m; sourceTree = "<group>"; };
		A0DFE27F1E2C789B005B254F /* URAsyncSocketWrapper.h */ = {isa = PBXFileReference; fileEncoding = 4; lastKnownFileType = sourcecode.c.h; path = URAsyncSocketWrapper.h; sourceTree = "<group>"; };
		A0DFE2801E2C789B005B254F /* URAsyncSocketWrapper.m */ = {isa = PBXFileReference; fileEncoding = 4; lastKnownFileType = sourcecode.c.objc; path = URAsyncSocketWrapper.m; sourceTree = "<group>"; };
		A0E657321E098619003D5E87 /* CoreLocation.framework */ = {isa = PBXFileReference; lastKnownFileType = wrapper.framework; name = CoreLocation.framework; path = System/Library/Frameworks/CoreLocation.framework; sourceTree = SDKROOT; };
		A0E657401E0A30AB003D5E87 /* URWWWeatherSerivce.m */ = {isa = PBXFileReference; fileEncoding = 4; lastKnownFileType = sourcecode.c.objc; path = URWWWeatherSerivce.m; sourceTree = "<group>"; };
		A0E657411E0A30AB003D5E87 /* URWWWeatherSerivce.h */ = {isa = PBXFileReference; fileEncoding = 4; lastKnownFileType = sourcecode.c.h; path = URWWWeatherSerivce.h; sourceTree = "<group>"; };
		A0E657491E0A685E003D5E87 /* URLog.h */ = {isa = PBXFileReference; fileEncoding = 4; lastKnownFileType = sourcecode.c.h; path = URLog.h; sourceTree = "<group>"; };
		A0E6574A1E0A685E003D5E87 /* URLog.m */ = {isa = PBXFileReference; fileEncoding = 4; lastKnownFileType = sourcecode.c.objc; path = URLog.m; sourceTree = "<group>"; };
		A0E6574B1E0A685E003D5E87 /* URLogWrapper.h */ = {isa = PBXFileReference; fileEncoding = 4; lastKnownFileType = sourcecode.c.h; path = URLogWrapper.h; sourceTree = "<group>"; };
		A0E6574C1E0A685F003D5E87 /* URLogWrapper.m */ = {isa = PBXFileReference; fileEncoding = 4; lastKnownFileType = sourcecode.c.objc; path = URLogWrapper.m; sourceTree = "<group>"; };
		A0E657541E0A6E33003D5E87 /* weather-cloudy.jpg */ = {isa = PBXFileReference; lastKnownFileType = image.jpeg; path = "weather-cloudy.jpg"; sourceTree = "<group>"; };
		A0E657571E0ADA91003D5E87 /* URLocationManager.h */ = {isa = PBXFileReference; fileEncoding = 4; lastKnownFileType = sourcecode.c.h; path = URLocationManager.h; sourceTree = "<group>"; };
		A0E657581E0ADA91003D5E87 /* URLocationManager.m */ = {isa = PBXFileReference; fileEncoding = 4; lastKnownFileType = sourcecode.c.objc; path = URLocationManager.m; sourceTree = "<group>"; };
		A0E7A9B71E49BA990014C95F /* URWWLoginService.m */ = {isa = PBXFileReference; fileEncoding = 4; lastKnownFileType = sourcecode.c.objc; path = URWWLoginService.m; sourceTree = "<group>"; };
		A0E7A9B81E49BA990014C95F /* URWWLoginService.h */ = {isa = PBXFileReference; fileEncoding = 4; lastKnownFileType = sourcecode.c.h; path = URWWLoginService.h; sourceTree = "<group>"; };
		A0E8C6F21EBA13D8001E9083 /* loginbg.jpg */ = {isa = PBXFileReference; lastKnownFileType = image.jpeg; path = loginbg.jpg; sourceTree = "<group>"; };
		A0E8C6F51EBA17C1001E9083 /* URImageMacro.h */ = {isa = PBXFileReference; fileEncoding = 4; lastKnownFileType = sourcecode.c.h; path = URImageMacro.h; sourceTree = "<group>"; };
		A0E8C6F61EBA17C1001E9083 /* URImageMacro.m */ = {isa = PBXFileReference; fileEncoding = 4; lastKnownFileType = sourcecode.c.objc; path = URImageMacro.m; sourceTree = "<group>"; };
		A0E8C6FB1EBAFCBD001E9083 /* URLayoutViewMacro.h */ = {isa = PBXFileReference; fileEncoding = 4; lastKnownFileType = sourcecode.c.h; path = URLayoutViewMacro.h; sourceTree = "<group>"; };
		A0E8C6FC1EBAFCBD001E9083 /* URLayoutViewMacro.m */ = {isa = PBXFileReference; fileEncoding = 4; lastKnownFileType = sourcecode.c.objc; path = URLayoutViewMacro.m; sourceTree = "<group>"; };
		A0E8C6FE1EBB0529001E9083 /* URActionMacro.h */ = {isa = PBXFileReference; fileEncoding = 4; lastKnownFileType = sourcecode.c.h; path = URActionMacro.h; sourceTree = "<group>"; };
		A0E8C6FF1EBB0529001E9083 /* URActionMacro.m */ = {isa = PBXFileReference; fileEncoding = 4; lastKnownFileType = sourcecode.c.objc; path = URActionMacro.m; sourceTree = "<group>"; };
		A0EAE8841E136B0C000236A4 /* URHttpUrlDefine.h */ = {isa = PBXFileReference; fileEncoding = 4; lastKnownFileType = sourcecode.c.h; path = URHttpUrlDefine.h; sourceTree = "<group>"; };
		A0EAE8851E136B0C000236A4 /* URHttpUrlDefine.m */ = {isa = PBXFileReference; fileEncoding = 4; lastKnownFileType = sourcecode.c.objc; path = URHttpUrlDefine.m; sourceTree = "<group>"; };
		A0EAE8881E13973A000236A4 /* URAFNetWorkingWrapper.h */ = {isa = PBXFileReference; fileEncoding = 4; lastKnownFileType = sourcecode.c.h; path = URAFNetWorkingWrapper.h; sourceTree = "<group>"; };
		A0EAE8891E13973A000236A4 /* URAFNetWorkingWrapper.m */ = {isa = PBXFileReference; fileEncoding = 4; lastKnownFileType = sourcecode.c.objc; path = URAFNetWorkingWrapper.m; sourceTree = "<group>"; };
		A0EAE88B1E139AF2000236A4 /* URDefine.h */ = {isa = PBXFileReference; fileEncoding = 4; lastKnownFileType = sourcecode.c.h; path = URDefine.h; sourceTree = "<group>"; };
		A0EAE88C1E139AF2000236A4 /* URDefine.m */ = {isa = PBXFileReference; fileEncoding = 4; lastKnownFileType = sourcecode.c.objc; path = URDefine.m; sourceTree = "<group>"; };
		A0EAE88E1E13AF17000236A4 /* URWWLocationService.h */ = {isa = PBXFileReference; fileEncoding = 4; lastKnownFileType = sourcecode.c.h; path = URWWLocationService.h; sourceTree = "<group>"; };
		A0EAE88F1E13AF17000236A4 /* URWWLocationService.m */ = {isa = PBXFileReference; fileEncoding = 4; lastKnownFileType = sourcecode.c.objc; path = URWWLocationService.m; sourceTree = "<group>"; };
		A0EC340E1E37A84B00EC31F2 /* URAsyncSocketWrapper+timeout.h */ = {isa = PBXFileReference; fileEncoding = 4; lastKnownFileType = sourcecode.c.h; path = "URAsyncSocketWrapper+timeout.h"; sourceTree = "<group>"; };
		A0EC340F1E37A84B00EC31F2 /* URAsyncSocketWrapper+timeout.m */ = {isa = PBXFileReference; fileEncoding = 4; lastKnownFileType = sourcecode.c.objc; path = "URAsyncSocketWrapper+timeout.m"; sourceTree = "<group>"; };
		A0EEA7541EBC659100C0C6FD /* URTelephoneNumberViewController.h */ = {isa = PBXFileReference; fileEncoding = 4; lastKnownFileType = sourcecode.c.h; path = URTelephoneNumberViewController.h; sourceTree = "<group>"; };
		A0EEA7551EBC659100C0C6FD /* URTelephoneNumberViewController.m */ = {isa = PBXFileReference; fileEncoding = 4; lastKnownFileType = sourcecode.c.objc; path = URTelephoneNumberViewController.m; sourceTree = "<group>"; };
		A0F887FF1E012AAB0002A41A /* URWindWalkTests.xctest */ = {isa = PBXFileReference; explicitFileType = wrapper.cfbundle; includeInIndex = 0; path = URWindWalkTests.xctest; sourceTree = BUILT_PRODUCTS_DIR; };
		A0F888011E012AAB0002A41A /* URWindWalkTests.m */ = {isa = PBXFileReference; lastKnownFileType = sourcecode.c.objc; path = URWindWalkTests.m; sourceTree = "<group>"; };
		A0F888031E012AAB0002A41A /* Info.plist */ = {isa = PBXFileReference; lastKnownFileType = text.plist.xml; path = Info.plist; sourceTree = "<group>"; };
		A0F936441EC2135000FF26D6 /* URForgetPasswordViewController.h */ = {isa = PBXFileReference; fileEncoding = 4; lastKnownFileType = sourcecode.c.h; path = URForgetPasswordViewController.h; sourceTree = "<group>"; };
		A0F936451EC2135000FF26D6 /* URForgetPasswordViewController.m */ = {isa = PBXFileReference; fileEncoding = 4; lastKnownFileType = sourcecode.c.objc; path = URForgetPasswordViewController.m; sourceTree = "<group>"; };
		A0F936471EC221C400FF26D6 /* URControlType.h */ = {isa = PBXFileReference; fileEncoding = 4; lastKnownFileType = sourcecode.c.h; path = URControlType.h; sourceTree = "<group>"; };
		A0F936481EC221C400FF26D6 /* URControlType.m */ = {isa = PBXFileReference; fileEncoding = 4; lastKnownFileType = sourcecode.c.objc; path = URControlType.m; sourceTree = "<group>"; };
		A0F9365E1EC37E0D00FF26D6 /* URMessageViewController.h */ = {isa = PBXFileReference; fileEncoding = 4; lastKnownFileType = sourcecode.c.h; path = URMessageViewController.h; sourceTree = "<group>"; };
		A0F9365F1EC37E0D00FF26D6 /* URMessageViewController.m */ = {isa = PBXFileReference; fileEncoding = 4; lastKnownFileType = sourcecode.c.objc; path = URMessageViewController.m; sourceTree = "<group>"; };
		A0F936621EC37EA600FF26D6 /* URFeedViewController.h */ = {isa = PBXFileReference; fileEncoding = 4; lastKnownFileType = sourcecode.c.h; path = URFeedViewController.h; sourceTree = "<group>"; };
		A0F936631EC37EA600FF26D6 /* URFeedViewController.m */ = {isa = PBXFileReference; fileEncoding = 4; lastKnownFileType = sourcecode.c.objc; path = URFeedViewController.m; sourceTree = "<group>"; };
		A0FA9B3F1EBA400300C30EC9 /* URWWLoginViewController+Layout.h */ = {isa = PBXFileReference; fileEncoding = 4; lastKnownFileType = sourcecode.c.h; path = "URWWLoginViewController+Layout.h"; sourceTree = "<group>"; };
		A0FA9B401EBA400300C30EC9 /* URWWLoginViewController+Layout.m */ = {isa = PBXFileReference; fileEncoding = 4; lastKnownFileType = sourcecode.c.objc; path = "URWWLoginViewController+Layout.m"; sourceTree = "<group>"; };
		A0FDBEC61E5998E0000877C3 /* URSocketService.h */ = {isa = PBXFileReference; fileEncoding = 4; lastKnownFileType = sourcecode.c.h; path = URSocketService.h; sourceTree = "<group>"; };
		A0FDBEC71E5998E0000877C3 /* URSocketService.m */ = {isa = PBXFileReference; fileEncoding = 4; lastKnownFileType = sourcecode.c.objc; path = URSocketService.m; sourceTree = "<group>"; };
		A0FDBECF1E59DBFB000877C3 /* URWWService.h */ = {isa = PBXFileReference; fileEncoding = 4; lastKnownFileType = sourcecode.c.h; path = URWWService.h; sourceTree = "<group>"; };
		A0FDBED01E59DBFB000877C3 /* URWWService.m */ = {isa = PBXFileReference; fileEncoding = 4; lastKnownFileType = sourcecode.c.objc; path = URWWService.m; sourceTree = "<group>"; };
		DC3D0D3C8D0E2F50736ACF8E /* Pods_URWindWalk.framework */ = {isa = PBXFileReference; explicitFileType = wrapper.framework; includeInIndex = 0; path = Pods_URWindWalk.framework; sourceTree = BUILT_PRODUCTS_DIR; };
		E2F7AC569DE18F7C87C76F81 /* Pods-URWindWalk.debug.xcconfig */ = {isa = PBXFileReference; includeInIndex = 1; lastKnownFileType = text.xcconfig; name = "Pods-URWindWalk.debug.xcconfig"; path = "Pods/Target Support Files/Pods-URWindWalk/Pods-URWindWalk.debug.xcconfig"; sourceTree = "<group>"; };
/* End PBXFileReference section */

/* Begin PBXFrameworksBuildPhase section */
		A0D29C0B1DF4679600C7CF4D /* Frameworks */ = {
			isa = PBXFrameworksBuildPhase;
			buildActionMask = 2147483647;
			files = (
				A0E657331E098619003D5E87 /* CoreLocation.framework in Frameworks */,
				C986EA9AAA48A052B3B730F8 /* Pods_URWindWalk.framework in Frameworks */,
			);
			runOnlyForDeploymentPostprocessing = 0;
		};
		A0F887FC1E012AAB0002A41A /* Frameworks */ = {
			isa = PBXFrameworksBuildPhase;
			buildActionMask = 2147483647;
			files = (
			);
			runOnlyForDeploymentPostprocessing = 0;
		};
/* End PBXFrameworksBuildPhase section */

/* Begin PBXGroup section */
		2D0D080E248059302696579C /* Frameworks */ = {
			isa = PBXGroup;
			children = (
				A0E657321E098619003D5E87 /* CoreLocation.framework */,
				DC3D0D3C8D0E2F50736ACF8E /* Pods_URWindWalk.framework */,
			);
			name = Frameworks;
			sourceTree = "<group>";
		};
		A050907D1E3CD8EE002ABDCD /* Protocol */ = {
			isa = PBXGroup;
			children = (
				A050907E1E3D908B002ABDCD /* Urprotocol.pbobjc.m */,
				A050907F1E3D908B002ABDCD /* Urprotocol.pbobjc.h */,
				A05090801E3D908B002ABDCD /* UrpacketType.pbobjc.m */,
				A05090811E3D908B002ABDCD /* UrpacketType.pbobjc.h */,
			);
			path = Protocol;
			sourceTree = "<group>";
		};
		A05090841E3D90C0002ABDCD /* ProtocolWrapper */ = {
			isa = PBXGroup;
			children = (
				A05090851E3D90DA002ABDCD /* URProtocolWrapper.h */,
				A05090861E3D90DA002ABDCD /* URProtocolWrapper.m */,
			);
			path = ProtocolWrapper;
			sourceTree = "<group>";
		};
		A05090881E3DA3B5002ABDCD /* protobuf */ = {
			isa = PBXGroup;
			children = (
				A05090891E3DA3B5002ABDCD /* google */,
				A050909F1E3DA3B5002ABDCD /* GPBArray.h */,
				A05090A01E3DA3B5002ABDCD /* GPBArray.m */,
				A05090A11E3DA3B5002ABDCD /* GPBArray_PackagePrivate.h */,
				A05090A21E3DA3B5002ABDCD /* GPBBootstrap.h */,
				A05090A31E3DA3B5002ABDCD /* GPBCodedInputStream.h */,
				A05090A41E3DA3B5002ABDCD /* GPBCodedInputStream.m */,
				A05090A51E3DA3B5002ABDCD /* GPBCodedInputStream_PackagePrivate.h */,
				A05090A61E3DA3B5002ABDCD /* GPBCodedOutputStream.h */,
				A05090A71E3DA3B5002ABDCD /* GPBCodedOutputStream.m */,
				A05090A81E3DA3B5002ABDCD /* GPBCodedOutputStream_PackagePrivate.h */,
				A05090A91E3DA3B5002ABDCD /* GPBDescriptor.h */,
				A05090AA1E3DA3B5002ABDCD /* GPBDescriptor.m */,
				A05090AB1E3DA3B5002ABDCD /* GPBDescriptor_PackagePrivate.h */,
				A05090AC1E3DA3B5002ABDCD /* GPBDictionary.h */,
				A05090AD1E3DA3B5002ABDCD /* GPBDictionary.m */,
				A05090AE1E3DA3B5002ABDCD /* GPBDictionary_PackagePrivate.h */,
				A05090AF1E3DA3B5002ABDCD /* GPBExtensionInternals.h */,
				A05090B01E3DA3B5002ABDCD /* GPBExtensionInternals.m */,
				A05090B11E3DA3B5002ABDCD /* GPBExtensionRegistry.h */,
				A05090B21E3DA3B5002ABDCD /* GPBExtensionRegistry.m */,
				A05090B31E3DA3B5002ABDCD /* GPBMessage.h */,
				A05090B41E3DA3B5002ABDCD /* GPBMessage.m */,
				A05090B51E3DA3B5002ABDCD /* GPBMessage_PackagePrivate.h */,
				A05090B61E3DA3B5002ABDCD /* GPBProtocolBuffers.h */,
				A05090B71E3DA3B5002ABDCD /* GPBProtocolBuffers_RuntimeSupport.h */,
				A05090B81E3DA3B5002ABDCD /* GPBRootObject.h */,
				A05090B91E3DA3B5002ABDCD /* GPBRootObject.m */,
				A05090BA1E3DA3B5002ABDCD /* GPBRootObject_PackagePrivate.h */,
				A05090BB1E3DA3B5002ABDCD /* GPBRuntimeTypes.h */,
				A05090BC1E3DA3B5002ABDCD /* GPBUnknownField.h */,
				A05090BD1E3DA3B5002ABDCD /* GPBUnknownField.m */,
				A05090BE1E3DA3B5002ABDCD /* GPBUnknownField_PackagePrivate.h */,
				A05090BF1E3DA3B5002ABDCD /* GPBUnknownFieldSet.h */,
				A05090C01E3DA3B5002ABDCD /* GPBUnknownFieldSet.m */,
				A05090C11E3DA3B5002ABDCD /* GPBUnknownFieldSet_PackagePrivate.h */,
				A05090C21E3DA3B5002ABDCD /* GPBUtilities.h */,
				A05090C31E3DA3B5002ABDCD /* GPBUtilities.m */,
				A05090C41E3DA3B5002ABDCD /* GPBUtilities_PackagePrivate.h */,
				A05090C51E3DA3B5002ABDCD /* GPBWellKnownTypes.h */,
				A05090C61E3DA3B5002ABDCD /* GPBWellKnownTypes.m */,
				A05090C71E3DA3B5002ABDCD /* GPBWireFormat.h */,
				A05090C81E3DA3B5002ABDCD /* GPBWireFormat.m */,
			);
			path = protobuf;
			sourceTree = "<group>";
		};
		A05090891E3DA3B5002ABDCD /* google */ = {
			isa = PBXGroup;
			children = (
				A050908A1E3DA3B5002ABDCD /* protobuf */,
			);
			path = google;
			sourceTree = "<group>";
		};
		A050908A1E3DA3B5002ABDCD /* protobuf */ = {
			isa = PBXGroup;
			children = (
				A050908B1E3DA3B5002ABDCD /* Any.pbobjc.h */,
				A050908C1E3DA3B5002ABDCD /* Any.pbobjc.m */,
				A050908D1E3DA3B5002ABDCD /* Api.pbobjc.h */,
				A050908E1E3DA3B5002ABDCD /* Api.pbobjc.m */,
				A050908F1E3DA3B5002ABDCD /* Duration.pbobjc.h */,
				A05090901E3DA3B5002ABDCD /* Duration.pbobjc.m */,
				A05090911E3DA3B5002ABDCD /* Empty.pbobjc.h */,
				A05090921E3DA3B5002ABDCD /* Empty.pbobjc.m */,
				A05090931E3DA3B5002ABDCD /* FieldMask.pbobjc.h */,
				A05090941E3DA3B5002ABDCD /* FieldMask.pbobjc.m */,
				A05090951E3DA3B5002ABDCD /* SourceContext.pbobjc.h */,
				A05090961E3DA3B5002ABDCD /* SourceContext.pbobjc.m */,
				A05090971E3DA3B5002ABDCD /* Struct.pbobjc.h */,
				A05090981E3DA3B5002ABDCD /* Struct.pbobjc.m */,
				A05090991E3DA3B5002ABDCD /* Timestamp.pbobjc.h */,
				A050909A1E3DA3B5002ABDCD /* Timestamp.pbobjc.m */,
				A050909B1E3DA3B5002ABDCD /* Type.pbobjc.h */,
				A050909C1E3DA3B5002ABDCD /* Type.pbobjc.m */,
				A050909D1E3DA3B5002ABDCD /* Wrappers.pbobjc.h */,
				A050909E1E3DA3B5002ABDCD /* Wrappers.pbobjc.m */,
			);
			path = protobuf;
			sourceTree = "<group>";
		};
		A05D10471E00EA620036AB94 /* Componse */ = {
			isa = PBXGroup;
			children = (
				A08723851E0E0C7700AADFBC /* Calendar */,
				A08723741E0D262300AADFBC /* Run */,
				A08722F41E0C310A00AADFBC /* UserInfo */,
				A0E657561E0ADA91003D5E87 /* Location */,
				A0D4BFE11E097D87006CB813 /* Weather */,
			);
			path = Componse;
			sourceTree = "<group>";
		};
		A0647B161E163BB000F5AC6E /* ThinkPageWeather */ = {
			isa = PBXGroup;
			children = (
				A0647B171E163BC400F5AC6E /* TPWeatherWrapper.h */,
				A0647B181E163BC400F5AC6E /* TPWeatherWrapper.m */,
			);
			path = ThinkPageWeather;
			sourceTree = "<group>";
		};
		A0647B231E1AB12A00F5AC6E /* LogCheck */ = {
			isa = PBXGroup;
			children = (
				A0647B241E1AB14500F5AC6E /* URLogCheckViewController.h */,
				A0647B251E1AB14500F5AC6E /* URLogCheckViewController.m */,
			);
			path = LogCheck;
			sourceTree = "<group>";
		};
		A06AFEE61E116428008D6464 /* Test */ = {
			isa = PBXGroup;
			children = (
				A06AFEE71E11643B008D6464 /* URTestViewController.h */,
				A06AFEE81E11643B008D6464 /* URTestViewController.m */,
				A0DB7E571E3851B6002A1950 /* URTestProtocolViewController.h */,
				A0DB7E581E3851B6002A1950 /* URTestProtocolViewController.m */,
				A0DB7E5A1E3852F3002A1950 /* URTestProtocolStoryboard.storyboard */,
			);
			path = Test;
			sourceTree = "<group>";
		};
		A086A57F1EC5DDD000A2ACB9 /* LayoutUtil */ = {
			isa = PBXGroup;
			children = (
				A086A5831EC5DFF900A2ACB9 /* UIView+URLayoutUtil.h */,
				A086A5841EC5DFF900A2ACB9 /* UIView+URLayoutUtil.m */,
			);
			path = LayoutUtil;
			sourceTree = "<group>";
		};
		A08722F41E0C310A00AADFBC /* UserInfo */ = {
			isa = PBXGroup;
			children = (
				A08722F51E0C314400AADFBC /* URWWUserInfoView.h */,
				A08722F61E0C314400AADFBC /* URWWUserInfoView.m */,
			);
			path = UserInfo;
			sourceTree = "<group>";
		};
		A08722F81E0D132B00AADFBC /* Business */ = {
			isa = PBXGroup;
			children = (
				A0F936611EC37E9900FF26D6 /* Feed */,
				A0F9365D1EC37E0D00FF26D6 /* Message */,
				A0647B231E1AB12A00F5AC6E /* LogCheck */,
				A06AFEE61E116428008D6464 /* Test */,
				A08722F91E0D132B00AADFBC /* Login */,
				A08722FC1E0D132B00AADFBC /* Me */,
				A08722FF1E0D132B00AADFBC /* Run */,
				A08723021E0D132B00AADFBC /* Summary */,
			);
			path = Business;
			sourceTree = "<group>";
		};
		A08722F91E0D132B00AADFBC /* Login */ = {
			isa = PBXGroup;
			children = (
				A08722FA1E0D132B00AADFBC /* URWWLoginViewController.h */,
				A08722FB1E0D132B00AADFBC /* URWWLoginViewController.m */,
				A0FA9B3F1EBA400300C30EC9 /* URWWLoginViewController+Layout.h */,
				A0FA9B401EBA400300C30EC9 /* URWWLoginViewController+Layout.m */,
				A0EEA7541EBC659100C0C6FD /* URTelephoneNumberViewController.h */,
				A0EEA7551EBC659100C0C6FD /* URTelephoneNumberViewController.m */,
				A0F936441EC2135000FF26D6 /* URForgetPasswordViewController.h */,
				A0F936451EC2135000FF26D6 /* URForgetPasswordViewController.m */,
			);
			path = Login;
			sourceTree = "<group>";
		};
		A08722FC1E0D132B00AADFBC /* Me */ = {
			isa = PBXGroup;
			children = (
				A08722FD1E0D132B00AADFBC /* MeViewController.h */,
				A08722FE1E0D132B00AADFBC /* MeViewController.m */,
				A0342EF21E1C034D0005E74C /* URMeInfoTableViewCell.h */,
				A0342EF31E1C034D0005E74C /* URMeInfoTableViewCell.m */,
			);
			path = Me;
			sourceTree = "<group>";
		};
		A08722FF1E0D132B00AADFBC /* Run */ = {
			isa = PBXGroup;
			children = (
				A08723001E0D132B00AADFBC /* RunViewController.h */,
				A08723011E0D132B00AADFBC /* RunViewController.m */,
			);
			path = Run;
			sourceTree = "<group>";
		};
		A08723021E0D132B00AADFBC /* Summary */ = {
			isa = PBXGroup;
			children = (
				A08723031E0D132B00AADFBC /* URSummaryViewController+URLayout.h */,
				A08723041E0D132B00AADFBC /* URSummaryViewController+URLayout.m */,
				A08723051E0D132B00AADFBC /* URSummaryViewController.h */,
				A08723061E0D132B00AADFBC /* URSummaryViewController.m */,
				A087236E1E0D1B5D00AADFBC /* URWWUserInfoTableViewCell.h */,
				A087236F1E0D1B5D00AADFBC /* URWWUserInfoTableViewCell.m */,
				A087237F1E0D6F3F00AADFBC /* URRunRecordTableViewCell.h */,
				A08723801E0D6F3F00AADFBC /* URRunRecordTableViewCell.m */,
				A08723821E0D76AD00AADFBC /* URCalendarTableViewCell.h */,
				A08723831E0D76AD00AADFBC /* URCalendarTableViewCell.m */,
			);
			path = Summary;
			sourceTree = "<group>";
		};
		A08723651E0D15BA00AADFBC /* Utils */ = {
			isa = PBXGroup;
			children = (
				A08723661E0D15BA00AADFBC /* NSDateUtil.h */,
				A08723671E0D15BA00AADFBC /* NSDateUtil.m */,
				A0DFE2771E2B1AC5005B254F /* URStepFrequencyUtil.h */,
				A0DFE2781E2B1AC5005B254F /* URStepFrequencyUtil.m */,
			);
			path = Utils;
			sourceTree = "<group>";
		};
		A08723741E0D262300AADFBC /* Run */ = {
			isa = PBXGroup;
			children = (
				A08723781E0D27A500AADFBC /* URWWRunRecordView.m */,
				A08723791E0D27A500AADFBC /* URWWRunRecordView.h */,
			);
			path = Run;
			sourceTree = "<group>";
		};
		A087237B1E0D66E700AADFBC /* Widget */ = {
			isa = PBXGroup;
			children = (
				A0B222A51E1F44DF00AD35EE /* URPortraitView.m */,
				A0B222A61E1F44DF00AD35EE /* URPortraitView.h */,
				A087237C1E0D66F900AADFBC /* URLabel.h */,
				A087237D1E0D66F900AADFBC /* URLabel.m */,
				A086A56D1EC1C3B700A2ACB9 /* URButton.h */,
				A086A56E1EC1C3B700A2ACB9 /* URButton.m */,
				A086A5701EC1C4A000A2ACB9 /* URTextField.h */,
				A086A5711EC1C4A000A2ACB9 /* URTextField.m */,
				A0F936471EC221C400FF26D6 /* URControlType.h */,
				A0F936481EC221C400FF26D6 /* URControlType.m */,
			);
			path = Widget;
			sourceTree = "<group>";
		};
		A08723851E0E0C7700AADFBC /* Calendar */ = {
			isa = PBXGroup;
			children = (
				A08723861E0E0CCA00AADFBC /* URWWCalendarView.h */,
				A08723871E0E0CCA00AADFBC /* URWWCalendarView.m */,
				A06AFEE01E100B68008D6464 /* URWWCalendarCollectionViewCell.h */,
				A06AFEE11E100B68008D6464 /* URWWCalendarCollectionViewCell.m */,
			);
			path = Calendar;
			sourceTree = "<group>";
		};
		A0C65A271DFEAB12005EF47D /* Config */ = {
			isa = PBXGroup;
			children = (
				A0C65A281DFEAB22005EF47D /* URMarcoUtil.h */,
				A0C65A291DFEAB22005EF47D /* URMarcoUtil.m */,
				A0EAE8841E136B0C000236A4 /* URHttpUrlDefine.h */,
				A0EAE8851E136B0C000236A4 /* URHttpUrlDefine.m */,
				A0EAE88B1E139AF2000236A4 /* URDefine.h */,
				A0EAE88C1E139AF2000236A4 /* URDefine.m */,
				A04D7F8A1E6863BA0003E7D4 /* URNotification.h */,
				A04D7F8B1E6863BA0003E7D4 /* URNotification.m */,
				A04D7F901E6869C40003E7D4 /* URBlock.h */,
				A04D7F911E6869C40003E7D4 /* URBlock.m */,
			);
			path = Config;
			sourceTree = "<group>";
		};
		A0D29C051DF4679600C7CF4D = {
			isa = PBXGroup;
			children = (
				A0D29C101DF4679600C7CF4D /* URWindWalk */,
				A0F888001E012AAB0002A41A /* URWindWalkTests */,
				A0D29C0F1DF4679600C7CF4D /* Products */,
				F3DCFFD5155147E0793D5ED4 /* Pods */,
				2D0D080E248059302696579C /* Frameworks */,
			);
			sourceTree = "<group>";
		};
		A0D29C0F1DF4679600C7CF4D /* Products */ = {
			isa = PBXGroup;
			children = (
				A0D29C0E1DF4679600C7CF4D /* URWindWalk.app */,
				A0F887FF1E012AAB0002A41A /* URWindWalkTests.xctest */,
			);
			name = Products;
			sourceTree = "<group>";
		};
		A0D29C101DF4679600C7CF4D /* URWindWalk */ = {
			isa = PBXGroup;
			children = (
				A086A57F1EC5DDD000A2ACB9 /* LayoutUtil */,
				A0E8C6F41EBA178B001E9083 /* Macro */,
				A05090841E3D90C0002ABDCD /* ProtocolWrapper */,
				A050907D1E3CD8EE002ABDCD /* Protocol */,
				A0DFE2701E2B19AF005B254F /* Category */,
				A087237B1E0D66E700AADFBC /* Widget */,
				A08723651E0D15BA00AADFBC /* Utils */,
				A08722F81E0D132B00AADFBC /* Business */,
				A0E657471E0A685E003D5E87 /* VenderWrapper */,
				A0E657461E0A5CDA003D5E87 /* Resource */,
				A0E6573C1E0A1F34003D5E87 /* Service */,
				A0E657381E0A1CF5003D5E87 /* Model */,
				A05D10471E00EA620036AB94 /* Componse */,
				A0C65A271DFEAB12005EF47D /* Config */,
				A0D29C141DF4679600C7CF4D /* AppDelegate.h */,
				A0D29C151DF4679600C7CF4D /* AppDelegate.m */,
				A0D29C171DF4679600C7CF4D /* ViewController.h */,
				A0D29C181DF4679600C7CF4D /* ViewController.m */,
				A0D29C1A1DF4679600C7CF4D /* Main.storyboard */,
				A0D29C1D1DF4679600C7CF4D /* Assets.xcassets */,
				A0D29C1F1DF4679600C7CF4D /* LaunchScreen.storyboard */,
				A0D29C221DF4679600C7CF4D /* Info.plist */,
				A0D29C111DF4679600C7CF4D /* Supporting Files */,
			);
			path = URWindWalk;
			sourceTree = "<group>";
		};
		A0D29C111DF4679600C7CF4D /* Supporting Files */ = {
			isa = PBXGroup;
			children = (
				A0D29C121DF4679600C7CF4D /* main.m */,
			);
			name = "Supporting Files";
			sourceTree = "<group>";
		};
		A0D4BFE11E097D87006CB813 /* Weather */ = {
			isa = PBXGroup;
			children = (
				A0D4BFE21E097DA5006CB813 /* URWWWeatherView.h */,
				A0D4BFE31E097DA5006CB813 /* URWWWeatherView.m */,
			);
			path = Weather;
			sourceTree = "<group>";
		};
		A0DFE2701E2B19AF005B254F /* Category */ = {
			isa = PBXGroup;
			children = (
				A0DFE2711E2B19FF005B254F /* UIImage+URExtension.m */,
				A0DFE2721E2B19FF005B254F /* UIImage+URExtension.h */,
				A0DFE2731E2B19FF005B254F /* NSDictionary+Safe.m */,
				A0DFE2741E2B19FF005B254F /* NSDictionary+Safe.h */,
			);
			path = Category;
			sourceTree = "<group>";
		};
		A0DFE27E1E2C788C005B254F /* URSocket */ = {
			isa = PBXGroup;
			children = (
				A0DFE27F1E2C789B005B254F /* URAsyncSocketWrapper.h */,
				A0DFE2801E2C789B005B254F /* URAsyncSocketWrapper.m */,
				A0EC340E1E37A84B00EC31F2 /* URAsyncSocketWrapper+timeout.h */,
				A0EC340F1E37A84B00EC31F2 /* URAsyncSocketWrapper+timeout.m */,
			);
			path = URSocket;
			sourceTree = "<group>";
		};
		A0E657381E0A1CF5003D5E87 /* Model */ = {
			isa = PBXGroup;
			children = (
				A08723711E0D20CF00AADFBC /* URWWObjectInfo.m */,
				A08723721E0D20CF00AADFBC /* URWWObjectInfo.h */,
				A0B222AE1E1FEE4B00AD35EE /* URWWUserInfo.h */,
				A0B222AF1E1FEE4B00AD35EE /* URWWUserInfo.m */,
			);
			path = Model;
			sourceTree = "<group>";
		};
		A0E6573C1E0A1F34003D5E87 /* Service */ = {
			isa = PBXGroup;
			children = (
				A0FDBEC51E5998E0000877C3 /* Socket */,
				A0E7A9B61E49BA810014C95F /* Login */,
				A0E657401E0A30AB003D5E87 /* URWWWeatherSerivce.m */,
				A0E657411E0A30AB003D5E87 /* URWWWeatherSerivce.h */,
				A0EAE88E1E13AF17000236A4 /* URWWLocationService.h */,
				A0EAE88F1E13AF17000236A4 /* URWWLocationService.m */,
				A0647B1D1E16BD9E00F5AC6E /* URWWMainService.h */,
				A0647B1E1E16BD9E00F5AC6E /* URWWMainService.m */,
				A0647B201E17684000F5AC6E /* URWWRunService.h */,
				A0647B211E17684000F5AC6E /* URWWRunService.m */,
				A0B222AB1E1FEB7300AD35EE /* URWWUserInfoService.h */,
				A0B222AC1E1FEB7300AD35EE /* URWWUserInfoService.m */,
				A0FDBECF1E59DBFB000877C3 /* URWWService.h */,
				A0FDBED01E59DBFB000877C3 /* URWWService.m */,
			);
			path = Service;
			sourceTree = "<group>";
		};
		A0E657461E0A5CDA003D5E87 /* Resource */ = {
			isa = PBXGroup;
			children = (
				A0E657531E0A6E33003D5E87 /* image */,
			);
			path = Resource;
			sourceTree = "<group>";
		};
		A0E657471E0A685E003D5E87 /* VenderWrapper */ = {
			isa = PBXGroup;
			children = (
				A05090881E3DA3B5002ABDCD /* protobuf */,
				A0DFE27E1E2C788C005B254F /* URSocket */,
				A0647B161E163BB000F5AC6E /* ThinkPageWeather */,
				A0EAE8871E13973A000236A4 /* AFNetWorkingHttp */,
				A0E657481E0A685E003D5E87 /* Log */,
				A0E6574D1E0A685F003D5E87 /* Map */,
			);
			path = VenderWrapper;
			sourceTree = "<group>";
		};
		A0E657481E0A685E003D5E87 /* Log */ = {
			isa = PBXGroup;
			children = (
				A0E657491E0A685E003D5E87 /* URLog.h */,
				A0E6574A1E0A685E003D5E87 /* URLog.m */,
				A0E6574B1E0A685E003D5E87 /* URLogWrapper.h */,
				A0E6574C1E0A685F003D5E87 /* URLogWrapper.m */,
			);
			path = Log;
			sourceTree = "<group>";
		};
		A0E6574D1E0A685F003D5E87 /* Map */ = {
			isa = PBXGroup;
			children = (
			);
			path = Map;
			sourceTree = "<group>";
		};
		A0E657531E0A6E33003D5E87 /* image */ = {
			isa = PBXGroup;
			children = (
				A0E8C6F11EBA13D8001E9083 /* Login */,
				A087236C1E0D16FF00AADFBC /* b16.jpg */,
				A0E657541E0A6E33003D5E87 /* weather-cloudy.jpg */,
			);
			path = image;
			sourceTree = "<group>";
		};
		A0E657561E0ADA91003D5E87 /* Location */ = {
			isa = PBXGroup;
			children = (
				A0E657571E0ADA91003D5E87 /* URLocationManager.h */,
				A0E657581E0ADA91003D5E87 /* URLocationManager.m */,
			);
			path = Location;
			sourceTree = "<group>";
		};
		A0E7A9B61E49BA810014C95F /* Login */ = {
			isa = PBXGroup;
			children = (
				A04D7F8D1E6868640003E7D4 /* URLoginCore.h */,
				A04D7F8E1E6868640003E7D4 /* URLoginCore.m */,
				A0E7A9B71E49BA990014C95F /* URWWLoginService.m */,
				A0E7A9B81E49BA990014C95F /* URWWLoginService.h */,
			);
			path = Login;
			sourceTree = "<group>";
		};
		A0E8C6F11EBA13D8001E9083 /* Login */ = {
			isa = PBXGroup;
			children = (
				A0E8C6F21EBA13D8001E9083 /* loginbg.jpg */,
			);
			path = Login;
			sourceTree = "<group>";
		};
		A0E8C6F41EBA178B001E9083 /* Macro */ = {
			isa = PBXGroup;
			children = (
				A0E8C6F51EBA17C1001E9083 /* URImageMacro.h */,
				A0E8C6F61EBA17C1001E9083 /* URImageMacro.m */,
				A0E8C6FB1EBAFCBD001E9083 /* URLayoutViewMacro.h */,
				A0E8C6FC1EBAFCBD001E9083 /* URLayoutViewMacro.m */,
				A0E8C6FE1EBB0529001E9083 /* URActionMacro.h */,
				A0E8C6FF1EBB0529001E9083 /* URActionMacro.m */,
			);
			path = Macro;
			sourceTree = "<group>";
		};
		A0EAE8871E13973A000236A4 /* AFNetWorkingHttp */ = {
			isa = PBXGroup;
			children = (
				A0EAE8881E13973A000236A4 /* URAFNetWorkingWrapper.h */,
				A0EAE8891E13973A000236A4 /* URAFNetWorkingWrapper.m */,
			);
			path = AFNetWorkingHttp;
			sourceTree = "<group>";
		};
		A0F888001E012AAB0002A41A /* URWindWalkTests */ = {
			isa = PBXGroup;
			children = (
				A0F888011E012AAB0002A41A /* URWindWalkTests.m */,
				A0F888031E012AAB0002A41A /* Info.plist */,
			);
			path = URWindWalkTests;
			sourceTree = "<group>";
		};
		A0F9365D1EC37E0D00FF26D6 /* Message */ = {
			isa = PBXGroup;
			children = (
				A0F9365E1EC37E0D00FF26D6 /* URMessageViewController.h */,
				A0F9365F1EC37E0D00FF26D6 /* URMessageViewController.m */,
			);
			path = Message;
			sourceTree = "<group>";
		};
		A0F936611EC37E9900FF26D6 /* Feed */ = {
			isa = PBXGroup;
			children = (
				A0F936621EC37EA600FF26D6 /* URFeedViewController.h */,
				A0F936631EC37EA600FF26D6 /* URFeedViewController.m */,
			);
			path = Feed;
			sourceTree = "<group>";
		};
		A0FDBEC51E5998E0000877C3 /* Socket */ = {
			isa = PBXGroup;
			children = (
				A0FDBEC61E5998E0000877C3 /* URSocketService.h */,
				A0FDBEC71E5998E0000877C3 /* URSocketService.m */,
			);
			path = Socket;
			sourceTree = "<group>";
		};
		F3DCFFD5155147E0793D5ED4 /* Pods */ = {
			isa = PBXGroup;
			children = (
				E2F7AC569DE18F7C87C76F81 /* Pods-URWindWalk.debug.xcconfig */,
				7DF0D77818870D74D7875F69 /* Pods-URWindWalk.release.xcconfig */,
			);
			name = Pods;
			sourceTree = "<group>";
		};
/* End PBXGroup section */

/* Begin PBXNativeTarget section */
		A0D29C0D1DF4679600C7CF4D /* URWindWalk */ = {
			isa = PBXNativeTarget;
			buildConfigurationList = A0D29C251DF4679600C7CF4D /* Build configuration list for PBXNativeTarget "URWindWalk" */;
			buildPhases = (
				A79C952E714710A4FB60A15D /* [CP] Check Pods Manifest.lock */,
				A0D29C0A1DF4679600C7CF4D /* Sources */,
				A0D29C0B1DF4679600C7CF4D /* Frameworks */,
				A0D29C0C1DF4679600C7CF4D /* Resources */,
				C3E2C2F6864B72E3F095373A /* [CP] Embed Pods Frameworks */,
				C65D35C121156CA10DFF79AC /* [CP] Copy Pods Resources */,
			);
			buildRules = (
			);
			dependencies = (
			);
			name = URWindWalk;
			productName = URWindWalk;
			productReference = A0D29C0E1DF4679600C7CF4D /* URWindWalk.app */;
			productType = "com.apple.product-type.application";
		};
		A0F887FE1E012AAB0002A41A /* URWindWalkTests */ = {
			isa = PBXNativeTarget;
			buildConfigurationList = A0F888081E012AAB0002A41A /* Build configuration list for PBXNativeTarget "URWindWalkTests" */;
			buildPhases = (
				A0F887FB1E012AAB0002A41A /* Sources */,
				A0F887FC1E012AAB0002A41A /* Frameworks */,
				A0F887FD1E012AAB0002A41A /* Resources */,
			);
			buildRules = (
			);
			dependencies = (
			);
			name = URWindWalkTests;
			productName = URWindWalkTests;
			productReference = A0F887FF1E012AAB0002A41A /* URWindWalkTests.xctest */;
			productType = "com.apple.product-type.bundle.unit-test";
		};
/* End PBXNativeTarget section */

/* Begin PBXProject section */
		A0D29C061DF4679600C7CF4D /* Project object */ = {
			isa = PBXProject;
			attributes = {
				LastUpgradeCheck = 0820;
				ORGANIZATIONNAME = weiyan;
				TargetAttributes = {
					A0D29C0D1DF4679600C7CF4D = {
						CreatedOnToolsVersion = 8.1;
						DevelopmentTeam = PJD5F25QWG;
						ProvisioningStyle = Automatic;
					};
					A0F887FE1E012AAB0002A41A = {
						CreatedOnToolsVersion = 8.2;
						ProvisioningStyle = Automatic;
						TestTargetID = A0D29C0D1DF4679600C7CF4D;
					};
				};
			};
			buildConfigurationList = A0D29C091DF4679600C7CF4D /* Build configuration list for PBXProject "URWindWalk" */;
			compatibilityVersion = "Xcode 3.2";
			developmentRegion = English;
			hasScannedForEncodings = 0;
			knownRegions = (
				en,
				Base,
			);
			mainGroup = A0D29C051DF4679600C7CF4D;
			productRefGroup = A0D29C0F1DF4679600C7CF4D /* Products */;
			projectDirPath = "";
			projectRoot = "";
			targets = (
				A0D29C0D1DF4679600C7CF4D /* URWindWalk */,
				A0F887FE1E012AAB0002A41A /* URWindWalkTests */,
			);
		};
/* End PBXProject section */

/* Begin PBXResourcesBuildPhase section */
		A0D29C0C1DF4679600C7CF4D /* Resources */ = {
			isa = PBXResourcesBuildPhase;
			buildActionMask = 2147483647;
			files = (
				A0D29C211DF4679600C7CF4D /* LaunchScreen.storyboard in Resources */,
				A0D29C1E1DF4679600C7CF4D /* Assets.xcassets in Resources */,
				A0DB7E5B1E3852F3002A1950 /* URTestProtocolStoryboard.storyboard in Resources */,
				A0E8C6F31EBA13D8001E9083 /* loginbg.jpg in Resources */,
				A087236D1E0D16FF00AADFBC /* b16.jpg in Resources */,
				A0E657551E0A6E33003D5E87 /* weather-cloudy.jpg in Resources */,
				A0D29C1C1DF4679600C7CF4D /* Main.storyboard in Resources */,
			);
			runOnlyForDeploymentPostprocessing = 0;
		};
		A0F887FD1E012AAB0002A41A /* Resources */ = {
			isa = PBXResourcesBuildPhase;
			buildActionMask = 2147483647;
			files = (
			);
			runOnlyForDeploymentPostprocessing = 0;
		};
/* End PBXResourcesBuildPhase section */

/* Begin PBXShellScriptBuildPhase section */
		A79C952E714710A4FB60A15D /* [CP] Check Pods Manifest.lock */ = {
			isa = PBXShellScriptBuildPhase;
			buildActionMask = 2147483647;
			files = (
			);
			inputPaths = (
			);
			name = "[CP] Check Pods Manifest.lock";
			outputPaths = (
			);
			runOnlyForDeploymentPostprocessing = 0;
			shellPath = /bin/sh;
			shellScript = "diff \"${PODS_ROOT}/../Podfile.lock\" \"${PODS_ROOT}/Manifest.lock\" > /dev/null\nif [ $? != 0 ] ; then\n    # print error to STDERR\n    echo \"error: The sandbox is not in sync with the Podfile.lock. Run 'pod install' or update your CocoaPods installation.\" >&2\n    exit 1\nfi\n";
			showEnvVarsInLog = 0;
		};
		C3E2C2F6864B72E3F095373A /* [CP] Embed Pods Frameworks */ = {
			isa = PBXShellScriptBuildPhase;
			buildActionMask = 2147483647;
			files = (
			);
			inputPaths = (
			);
			name = "[CP] Embed Pods Frameworks";
			outputPaths = (
			);
			runOnlyForDeploymentPostprocessing = 0;
			shellPath = /bin/sh;
			shellScript = "\"${SRCROOT}/Pods/Target Support Files/Pods-URWindWalk/Pods-URWindWalk-frameworks.sh\"\n";
			showEnvVarsInLog = 0;
		};
		C65D35C121156CA10DFF79AC /* [CP] Copy Pods Resources */ = {
			isa = PBXShellScriptBuildPhase;
			buildActionMask = 2147483647;
			files = (
			);
			inputPaths = (
			);
			name = "[CP] Copy Pods Resources";
			outputPaths = (
			);
			runOnlyForDeploymentPostprocessing = 0;
			shellPath = /bin/sh;
			shellScript = "\"${SRCROOT}/Pods/Target Support Files/Pods-URWindWalk/Pods-URWindWalk-resources.sh\"\n";
			showEnvVarsInLog = 0;
		};
/* End PBXShellScriptBuildPhase section */

/* Begin PBXSourcesBuildPhase section */
		A0D29C0A1DF4679600C7CF4D /* Sources */ = {
			isa = PBXSourcesBuildPhase;
			buildActionMask = 2147483647;
			files = (
				A0E8C6FD1EBAFCBD001E9083 /* URLayoutViewMacro.m in Sources */,
				A0647B221E17684000F5AC6E /* URWWRunService.m in Sources */,
				A05090DC1E3DA3B5002ABDCD /* GPBUnknownField.m in Sources */,
				A087230A1E0D132B00AADFBC /* URSummaryViewController+URLayout.m in Sources */,
				A0DB7E591E3851B6002A1950 /* URTestProtocolViewController.m in Sources */,
				A0342EF41E1C034D0005E74C /* URMeInfoTableViewCell.m in Sources */,
				A05090D21E3DA3B5002ABDCD /* Wrappers.pbobjc.m in Sources */,
				A0E8C7001EBB0529001E9083 /* URActionMacro.m in Sources */,
				A086A5721EC1C4A000A2ACB9 /* URTextField.m in Sources */,
				A04D7F921E6869C40003E7D4 /* URBlock.m in Sources */,
				A0D29C191DF4679600C7CF4D /* ViewController.m in Sources */,
				A0DFE2751E2B19FF005B254F /* UIImage+URExtension.m in Sources */,
				A05090D31E3DA3B5002ABDCD /* GPBArray.m in Sources */,
				A05090D41E3DA3B5002ABDCD /* GPBCodedInputStream.m in Sources */,
				A05090D01E3DA3B5002ABDCD /* Timestamp.pbobjc.m in Sources */,
				A086A5851EC5DFF900A2ACB9 /* UIView+URLayoutUtil.m in Sources */,
				A05090CE1E3DA3B5002ABDCD /* SourceContext.pbobjc.m in Sources */,
				A08723071E0D132B00AADFBC /* URWWLoginViewController.m in Sources */,
				A0FDBEC81E5998E0000877C3 /* URSocketService.m in Sources */,
				A05090871E3D90DA002ABDCD /* URProtocolWrapper.m in Sources */,
				A0F936601EC37E0D00FF26D6 /* URMessageViewController.m in Sources */,
				A08723731E0D20CF00AADFBC /* URWWObjectInfo.m in Sources */,
				A08723091E0D132B00AADFBC /* RunViewController.m in Sources */,
				A0F936491EC221C400FF26D6 /* URControlType.m in Sources */,
				A087237E1E0D66F900AADFBC /* URLabel.m in Sources */,
				A05090DF1E3DA3B5002ABDCD /* GPBWellKnownTypes.m in Sources */,
				A0FA9B411EBA400300C30EC9 /* URWWLoginViewController+Layout.m in Sources */,
				A0EC34101E37A84B00EC31F2 /* URAsyncSocketWrapper+timeout.m in Sources */,
				A0FDBED11E59DBFB000877C3 /* URWWService.m in Sources */,
				A05090CF1E3DA3B5002ABDCD /* Struct.pbobjc.m in Sources */,
				A08723811E0D6F3F00AADFBC /* URRunRecordTableViewCell.m in Sources */,
				A0EAE8901E13AF17000236A4 /* URWWLocationService.m in Sources */,
				A06AFEE91E11643B008D6464 /* URTestViewController.m in Sources */,
				A0EAE88A1E13973A000236A4 /* URAFNetWorkingWrapper.m in Sources */,
				A0DFE2811E2C789B005B254F /* URAsyncSocketWrapper.m in Sources */,
				A0647B261E1AB14500F5AC6E /* URLogCheckViewController.m in Sources */,
				A04D7F8F1E6868640003E7D4 /* URLoginCore.m in Sources */,
				A0647B191E163BC400F5AC6E /* TPWeatherWrapper.m in Sources */,
				A08723841E0D76AD00AADFBC /* URCalendarTableViewCell.m in Sources */,
				A08723681E0D15BA00AADFBC /* NSDateUtil.m in Sources */,
				A05090D71E3DA3B5002ABDCD /* GPBDictionary.m in Sources */,
				A0EEA7561EBC659100C0C6FD /* URTelephoneNumberViewController.m in Sources */,
				A0D29C161DF4679600C7CF4D /* AppDelegate.m in Sources */,
				A05090C91E3DA3B5002ABDCD /* Any.pbobjc.m in Sources */,
				A05090DA1E3DA3B5002ABDCD /* GPBMessage.m in Sources */,
				A0B222AD1E1FEB7300AD35EE /* URWWUserInfoService.m in Sources */,
				A05090CB1E3DA3B5002ABDCD /* Duration.pbobjc.m in Sources */,
				A05090831E3D908B002ABDCD /* UrpacketType.pbobjc.m in Sources */,
				A0E657511E0A685F003D5E87 /* URLogWrapper.m in Sources */,
				A05090CA1E3DA3B5002ABDCD /* Api.pbobjc.m in Sources */,
				A05090CD1E3DA3B5002ABDCD /* FieldMask.pbobjc.m in Sources */,
				A05090D61E3DA3B5002ABDCD /* GPBDescriptor.m in Sources */,
				A0EAE8861E136B0C000236A4 /* URHttpUrlDefine.m in Sources */,
				A06AFEE21E100B68008D6464 /* URWWCalendarCollectionViewCell.m in Sources */,
				A0B222B01E1FEE4B00AD35EE /* URWWUserInfo.m in Sources */,
				A0D29C131DF4679600C7CF4D /* main.m in Sources */,
				A05090DE1E3DA3B5002ABDCD /* GPBUtilities.m in Sources */,
				A0F936461EC2135000FF26D6 /* URForgetPasswordViewController.m in Sources */,
				A087230B1E0D132B00AADFBC /* URSummaryViewController.m in Sources */,
				A08722F71E0C314400AADFBC /* URWWUserInfoView.m in Sources */,
				A0B222A71E1F44DF00AD35EE /* URPortraitView.m in Sources */,
				A05090DB1E3DA3B5002ABDCD /* GPBRootObject.m in Sources */,
				A0DFE2791E2B1AC5005B254F /* URStepFrequencyUtil.m in Sources */,
				A05090DD1E3DA3B5002ABDCD /* GPBUnknownFieldSet.m in Sources */,
				A05090D11E3DA3B5002ABDCD /* Type.pbobjc.m in Sources */,
				A0C65A2A1DFEAB23005EF47D /* URMarcoUtil.m in Sources */,
				A0F936641EC37EA600FF26D6 /* URFeedViewController.m in Sources */,
				A05090D91E3DA3B5002ABDCD /* GPBExtensionRegistry.m in Sources */,
				A05090CC1E3DA3B5002ABDCD /* Empty.pbobjc.m in Sources */,
				A0647B1F1E16BD9E00F5AC6E /* URWWMainService.m in Sources */,
				A04D7F8C1E6863BA0003E7D4 /* URNotification.m in Sources */,
				A0DFE2761E2B19FF005B254F /* NSDictionary+Safe.m in Sources */,
				A05090E01E3DA3B5002ABDCD /* GPBWireFormat.m in Sources */,
				A08723881E0E0CCA00AADFBC /* URWWCalendarView.m in Sources */,
				A0E7A9B91E49BA990014C95F /* URWWLoginService.m in Sources */,
				A08723081E0D132B00AADFBC /* MeViewController.m in Sources */,
				A0E8C6F71EBA17C1001E9083 /* URImageMacro.m in Sources */,
				A0E657591E0ADA91003D5E87 /* URLocationManager.m in Sources */,
				A05090821E3D908B002ABDCD /* Urprotocol.pbobjc.m in Sources */,
				A05090D81E3DA3B5002ABDCD /* GPBExtensionInternals.m in Sources */,
				A0E657501E0A685F003D5E87 /* URLog.m in Sources */,
				A0EAE88D1E139AF2000236A4 /* URDefine.m in Sources */,
				A0D4BFE41E097DA5006CB813 /* URWWWeatherView.m in Sources */,
				A08723701E0D1B5D00AADFBC /* URWWUserInfoTableViewCell.m in Sources */,
				A0E657421E0A30AB003D5E87 /* URWWWeatherSerivce.m in Sources */,
				A087237A1E0D27A500AADFBC /* URWWRunRecordView.m in Sources */,
				A086A56F1EC1C3B700A2ACB9 /* URButton.m in Sources */,
				A05090D51E3DA3B5002ABDCD /* GPBCodedOutputStream.m in Sources */,
			);
			runOnlyForDeploymentPostprocessing = 0;
		};
		A0F887FB1E012AAB0002A41A /* Sources */ = {
			isa = PBXSourcesBuildPhase;
			buildActionMask = 2147483647;
			files = (
				A056C7241E019E970091A34D /* URWindWalkTests.m in Sources */,
			);
			runOnlyForDeploymentPostprocessing = 0;
		};
/* End PBXSourcesBuildPhase section */

/* Begin PBXVariantGroup section */
		A0D29C1A1DF4679600C7CF4D /* Main.storyboard */ = {
			isa = PBXVariantGroup;
			children = (
				A0D29C1B1DF4679600C7CF4D /* Base */,
			);
			name = Main.storyboard;
			sourceTree = "<group>";
		};
		A0D29C1F1DF4679600C7CF4D /* LaunchScreen.storyboard */ = {
			isa = PBXVariantGroup;
			children = (
				A0D29C201DF4679600C7CF4D /* Base */,
			);
			name = LaunchScreen.storyboard;
			sourceTree = "<group>";
		};
/* End PBXVariantGroup section */

/* Begin XCBuildConfiguration section */
		A0D29C231DF4679600C7CF4D /* Debug */ = {
			isa = XCBuildConfiguration;
			buildSettings = {
				ALWAYS_SEARCH_USER_PATHS = YES;
				CLANG_ANALYZER_NONNULL = YES;
				CLANG_CXX_LANGUAGE_STANDARD = "gnu++0x";
				CLANG_CXX_LIBRARY = "libc++";
				CLANG_ENABLE_MODULES = YES;
				CLANG_ENABLE_OBJC_ARC = YES;
				CLANG_WARN_BOOL_CONVERSION = YES;
				CLANG_WARN_CONSTANT_CONVERSION = YES;
				CLANG_WARN_DIRECT_OBJC_ISA_USAGE = YES_ERROR;
				CLANG_WARN_DOCUMENTATION_COMMENTS = YES;
				CLANG_WARN_EMPTY_BODY = YES;
				CLANG_WARN_ENUM_CONVERSION = YES;
				CLANG_WARN_INFINITE_RECURSION = YES;
				CLANG_WARN_INT_CONVERSION = YES;
				CLANG_WARN_OBJC_ROOT_CLASS = YES_ERROR;
				CLANG_WARN_SUSPICIOUS_MOVE = YES;
				CLANG_WARN_SUSPICIOUS_MOVES = YES;
				CLANG_WARN_UNREACHABLE_CODE = YES;
				CLANG_WARN__DUPLICATE_METHOD_MATCH = YES;
				"CODE_SIGN_IDENTITY[sdk=iphoneos*]" = "iPhone Developer";
				COPY_PHASE_STRIP = NO;
				DEBUG_INFORMATION_FORMAT = dwarf;
				ENABLE_STRICT_OBJC_MSGSEND = YES;
				ENABLE_TESTABILITY = YES;
				GCC_C_LANGUAGE_STANDARD = gnu99;
				GCC_DYNAMIC_NO_PIC = NO;
				GCC_NO_COMMON_BLOCKS = YES;
				GCC_OPTIMIZATION_LEVEL = 0;
				GCC_PREPROCESSOR_DEFINITIONS = (
					"DEBUG=1",
					"$(inherited)",
				);
				GCC_WARN_64_TO_32_BIT_CONVERSION = YES;
				GCC_WARN_ABOUT_RETURN_TYPE = YES_ERROR;
				GCC_WARN_UNDECLARED_SELECTOR = YES;
				GCC_WARN_UNINITIALIZED_AUTOS = YES_AGGRESSIVE;
				GCC_WARN_UNUSED_FUNCTION = YES;
				GCC_WARN_UNUSED_VARIABLE = YES;
				IPHONEOS_DEPLOYMENT_TARGET = 10.1;
				MTL_ENABLE_DEBUG_INFO = YES;
				ONLY_ACTIVE_ARCH = YES;
				SDKROOT = iphoneos;
				TARGETED_DEVICE_FAMILY = "1,2";
			};
			name = Debug;
		};
		A0D29C241DF4679600C7CF4D /* Release */ = {
			isa = XCBuildConfiguration;
			buildSettings = {
				ALWAYS_SEARCH_USER_PATHS = YES;
				CLANG_ANALYZER_NONNULL = YES;
				CLANG_CXX_LANGUAGE_STANDARD = "gnu++0x";
				CLANG_CXX_LIBRARY = "libc++";
				CLANG_ENABLE_MODULES = YES;
				CLANG_ENABLE_OBJC_ARC = YES;
				CLANG_WARN_BOOL_CONVERSION = YES;
				CLANG_WARN_CONSTANT_CONVERSION = YES;
				CLANG_WARN_DIRECT_OBJC_ISA_USAGE = YES_ERROR;
				CLANG_WARN_DOCUMENTATION_COMMENTS = YES;
				CLANG_WARN_EMPTY_BODY = YES;
				CLANG_WARN_ENUM_CONVERSION = YES;
				CLANG_WARN_INFINITE_RECURSION = YES;
				CLANG_WARN_INT_CONVERSION = YES;
				CLANG_WARN_OBJC_ROOT_CLASS = YES_ERROR;
				CLANG_WARN_SUSPICIOUS_MOVE = YES;
				CLANG_WARN_SUSPICIOUS_MOVES = YES;
				CLANG_WARN_UNREACHABLE_CODE = YES;
				CLANG_WARN__DUPLICATE_METHOD_MATCH = YES;
				"CODE_SIGN_IDENTITY[sdk=iphoneos*]" = "iPhone Developer";
				COPY_PHASE_STRIP = NO;
				DEBUG_INFORMATION_FORMAT = "dwarf-with-dsym";
				ENABLE_NS_ASSERTIONS = NO;
				ENABLE_STRICT_OBJC_MSGSEND = YES;
				GCC_C_LANGUAGE_STANDARD = gnu99;
				GCC_NO_COMMON_BLOCKS = YES;
				GCC_WARN_64_TO_32_BIT_CONVERSION = YES;
				GCC_WARN_ABOUT_RETURN_TYPE = YES_ERROR;
				GCC_WARN_UNDECLARED_SELECTOR = YES;
				GCC_WARN_UNINITIALIZED_AUTOS = YES_AGGRESSIVE;
				GCC_WARN_UNUSED_FUNCTION = YES;
				GCC_WARN_UNUSED_VARIABLE = YES;
				IPHONEOS_DEPLOYMENT_TARGET = 10.1;
				MTL_ENABLE_DEBUG_INFO = NO;
				SDKROOT = iphoneos;
				TARGETED_DEVICE_FAMILY = "1,2";
				VALIDATE_PRODUCT = YES;
			};
			name = Release;
		};
		A0D29C261DF4679600C7CF4D /* Debug */ = {
			isa = XCBuildConfiguration;
			baseConfigurationReference = E2F7AC569DE18F7C87C76F81 /* Pods-URWindWalk.debug.xcconfig */;
			buildSettings = {
				ASSETCATALOG_COMPILER_APPICON_NAME = AppIcon;
				DEVELOPMENT_TEAM = PJD5F25QWG;
				FRAMEWORK_SEARCH_PATHS = (
					"$(inherited)",
					"\"$PODS_CONFIGURATION_BUILD_DIR/AFNetworking\"",
					"\"$PODS_CONFIGURATION_BUILD_DIR/CocoaAsyncSocket\"",
					"\"$PODS_CONFIGURATION_BUILD_DIR/CocoaLumberjack\"",
					"\"$PODS_CONFIGURATION_BUILD_DIR/URUtilityManager\"/**",
				);
				HEADER_SEARCH_PATHS = "$(SRCROOT)/URWindWalk/VenderWrapper/protobuf";
				INFOPLIST_FILE = URWindWalk/Info.plist;
				IPHONEOS_DEPLOYMENT_TARGET = 9.0;
				LD_RUNPATH_SEARCH_PATHS = "$(inherited) @executable_path/Frameworks";
				PRODUCT_BUNDLE_IDENTIFIER = com.lwy.URWindWalk;
				PRODUCT_NAME = "$(TARGET_NAME)";
				TARGETED_DEVICE_FAMILY = 1;
			};
			name = Debug;
		};
		A0D29C271DF4679600C7CF4D /* Release */ = {
			isa = XCBuildConfiguration;
			baseConfigurationReference = 7DF0D77818870D74D7875F69 /* Pods-URWindWalk.release.xcconfig */;
			buildSettings = {
				ASSETCATALOG_COMPILER_APPICON_NAME = AppIcon;
				DEVELOPMENT_TEAM = PJD5F25QWG;
				FRAMEWORK_SEARCH_PATHS = (
					"$(inherited)",
					"\"$PODS_CONFIGURATION_BUILD_DIR/AFNetworking\"",
					"\"$PODS_CONFIGURATION_BUILD_DIR/CocoaAsyncSocket\"",
					"\"$PODS_CONFIGURATION_BUILD_DIR/CocoaLumberjack\"",
					"\"$PODS_CONFIGURATION_BUILD_DIR/URUtilityManager\"/**",
				);
				HEADER_SEARCH_PATHS = "$(SRCROOT)/URWindWalk/VenderWrapper/protobuf";
				INFOPLIST_FILE = URWindWalk/Info.plist;
				IPHONEOS_DEPLOYMENT_TARGET = 9.0;
				LD_RUNPATH_SEARCH_PATHS = "$(inherited) @executable_path/Frameworks";
				PRODUCT_BUNDLE_IDENTIFIER = com.lwy.URWindWalk;
				PRODUCT_NAME = "$(TARGET_NAME)";
				TARGETED_DEVICE_FAMILY = 1;
			};
			name = Release;
		};
		A0F888061E012AAB0002A41A /* Debug */ = {
			isa = XCBuildConfiguration;
			buildSettings = {
				BUNDLE_LOADER = "$(TEST_HOST)";
				INFOPLIST_FILE = URWindWalkTests/Info.plist;
				IPHONEOS_DEPLOYMENT_TARGET = 10.2;
				LD_RUNPATH_SEARCH_PATHS = "$(inherited) @executable_path/Frameworks @loader_path/Frameworks";
				PRODUCT_BUNDLE_IDENTIFIER = com.lwy.URWindWalkTests;
				PRODUCT_NAME = "$(TARGET_NAME)";
				TEST_HOST = "$(BUILT_PRODUCTS_DIR)/URWindWalk.app/URWindWalk";
			};
			name = Debug;
		};
		A0F888071E012AAB0002A41A /* Release */ = {
			isa = XCBuildConfiguration;
			buildSettings = {
				BUNDLE_LOADER = "$(TEST_HOST)";
				INFOPLIST_FILE = URWindWalkTests/Info.plist;
				IPHONEOS_DEPLOYMENT_TARGET = 10.2;
				LD_RUNPATH_SEARCH_PATHS = "$(inherited) @executable_path/Frameworks @loader_path/Frameworks";
				PRODUCT_BUNDLE_IDENTIFIER = com.lwy.URWindWalkTests;
				PRODUCT_NAME = "$(TARGET_NAME)";
				TEST_HOST = "$(BUILT_PRODUCTS_DIR)/URWindWalk.app/URWindWalk";
			};
			name = Release;
		};
/* End XCBuildConfiguration section */

/* Begin XCConfigurationList section */
		A0D29C091DF4679600C7CF4D /* Build configuration list for PBXProject "URWindWalk" */ = {
			isa = XCConfigurationList;
			buildConfigurations = (
				A0D29C231DF4679600C7CF4D /* Debug */,
				A0D29C241DF4679600C7CF4D /* Release */,
			);
			defaultConfigurationIsVisible = 0;
			defaultConfigurationName = Release;
		};
		A0D29C251DF4679600C7CF4D /* Build configuration list for PBXNativeTarget "URWindWalk" */ = {
			isa = XCConfigurationList;
			buildConfigurations = (
				A0D29C261DF4679600C7CF4D /* Debug */,
				A0D29C271DF4679600C7CF4D /* Release */,
			);
			defaultConfigurationIsVisible = 0;
			defaultConfigurationName = Release;
		};
		A0F888081E012AAB0002A41A /* Build configuration list for PBXNativeTarget "URWindWalkTests" */ = {
			isa = XCConfigurationList;
			buildConfigurations = (
				A0F888061E012AAB0002A41A /* Debug */,
				A0F888071E012AAB0002A41A /* Release */,
			);
			defaultConfigurationIsVisible = 0;
			defaultConfigurationName = Release;
		};
/* End XCConfigurationList section */
	};
	rootObject = A0D29C061DF4679600C7CF4D /* Project object */;
}
